{
    "_meta": {
        "hash": {
            "sha256": "23b20fe88594a92c3020e94a2f732ae728ecf45544cfdf66d48eea4fd960827f"
        },
        "pipfile-spec": 6,
        "requires": {
            "python_version": "3.10"
        },
        "sources": [
            {
                "name": "pypi",
                "url": "https://pypi.org/simple",
                "verify_ssl": true
            }
        ]
    },
    "default": {
        "attrs": {
            "hashes": [
                "sha256:5cfb1b9148b5b086569baec03f20d7b6bf3bcacc9a42bebf87ffaaca362f6346",
                "sha256:81921eb96de3191c8258c199618104dd27ac608d9366f5e35d011eae1867ede2"
            ],
            "markers": "python_version >= '3.7'",
            "version": "==24.2.0"
        },
        "cattrs": {
            "hashes": [
                "sha256:67c7495b760168d931a10233f979b28dc04daf853b30752246f4f8471c6d68d0",
                "sha256:8028cfe1ff5382df59dd36474a86e02d817b06eaf8af84555441bac915d2ef85"
            ],
            "markers": "python_version >= '3.8'",
            "version": "==24.1.2"
        },
        "cdk8s": {
            "hashes": [
                "sha256:1d5967db0b94b1e2f48c6bd02dfdde65cbb0cfd73199eaf7bf1c50448260e2cd",
                "sha256:4395d4d4247557e2fda0b38d5e7002ca13cbafeb74d5734e3daf94e3b09fa90e"
            ],
            "index": "pypi",
            "markers": "python_version ~= '3.8'",
            "version": "==2.69.19"
        },
        "constructs": {
            "hashes": [
                "sha256:ade1b5224830e78724ed50ce91ec2e6ce437c9983713c2b8ca541272283c5d37",
                "sha256:f4ae2e0705baff188519e0233ad2129537c8eca40d68242873ca444a659549f8"
            ],
            "index": "pypi",
            "markers": "python_version ~= '3.7'",
            "version": "==10.2.70"
        },
        "importlib-resources": {
            "hashes": [
                "sha256:980862a1d16c9e147a59603677fa2aa5fd82b87f223b6cb870695bcfce830065",
                "sha256:ac29d5f956f01d5e4bb63102a5a19957f1b9175e45649977264a1416783bb717"
            ],
            "markers": "python_version >= '3.8'",
            "version": "==6.4.5"
        },
        "jsii": {
            "hashes": [
                "sha256:435682d509e628e6f8a765b017102e6fcd553f4d0f6b3417b3f7eb295c2e0d1f",
                "sha256:8888088479b449db6d8e3a7df25434ec4580bf4fc13f4f952e9db5f2a3fc0c0f"
            ],
            "markers": "python_version ~= '3.8'",
            "version": "==1.105.0"
        },
        "jsonschema": {
            "hashes": [
                "sha256:d71497fef26351a33265337fa77ffeb82423f3ea21283cd9467bb03999266bc4",
                "sha256:fbadb6f8b144a8f8cf9f0b89ba94501d143e50411a1278633f56a7acf7fd5566"
            ],
            "index": "pypi",
            "markers": "python_version >= '3.8'",
            "version": "==4.23.0"
        },
        "jsonschema-specifications": {
            "hashes": [
                "sha256:0f38b83639958ce1152d02a7f062902c41c8fd20d558b0c34344292d417ae272",
                "sha256:a09a0680616357d9a0ecf05c12ad234479f549239d0f5b55f3deea67475da9bf"
            ],
            "markers": "python_version >= '3.9'",
            "version": "==2024.10.1"
        },
        "mypy": {
            "hashes": [
                "sha256:0246bcb1b5de7f08f2826451abd947bf656945209b140d16ed317f65a17dc7dc",
                "sha256:0291a61b6fbf3e6673e3405cfcc0e7650bebc7939659fdca2702958038bd835e",
                "sha256:0730d1c6a2739d4511dc4253f8274cdd140c55c32dfb0a4cf8b7a43f40abfa6f",
                "sha256:07de989f89786f62b937851295ed62e51774722e5444a27cecca993fc3f9cd74",
                "sha256:100fac22ce82925f676a734af0db922ecfea991e1d7ec0ceb1e115ebe501301a",
                "sha256:164f28cb9d6367439031f4c81e84d3ccaa1e19232d9d05d37cb0bd880d3f93c2",
                "sha256:20c7ee0bc0d5a9595c46f38beb04201f2620065a93755704e141fcac9f59db2b",
                "sha256:3790ded76f0b34bc9c8ba4def8f919dd6a46db0f5a6610fb994fe8efdd447f73",
                "sha256:39bb21c69a5d6342f4ce526e4584bc5c197fd20a60d14a8624d8743fffb9472e",
                "sha256:3ddb5b9bf82e05cc9a627e84707b528e5c7caaa1c55c69e175abb15a761cec2d",
                "sha256:3e38b980e5681f28f033f3be86b099a247b13c491f14bb8b1e1e134d23bb599d",
                "sha256:4bde84334fbe19bad704b3f5b78c4abd35ff1026f8ba72b29de70dda0916beb6",
                "sha256:51f869f4b6b538229c1d1bcc1dd7d119817206e2bc54e8e374b3dfa202defcca",
                "sha256:581665e6f3a8a9078f28d5502f4c334c0c8d802ef55ea0e7276a6e409bc0d82d",
                "sha256:5c7051a3461ae84dfb5dd15eff5094640c61c5f22257c8b766794e6dd85e72d5",
                "sha256:5d5092efb8516d08440e36626f0153b5006d4088c1d663d88bf79625af3d1d62",
                "sha256:6607e0f1dd1fb7f0aca14d936d13fd19eba5e17e1cd2a14f808fa5f8f6d8f60a",
                "sha256:7029881ec6ffb8bc233a4fa364736789582c738217b133f1b55967115288a2bc",
                "sha256:7b2353a44d2179846a096e25691d54d59904559f4232519d420d64da6828a3a7",
                "sha256:7bcb0bb7f42a978bb323a7c88f1081d1b5dee77ca86f4100735a6f541299d8fb",
                "sha256:7bfd8836970d33c2105562650656b6846149374dc8ed77d98424b40b09340ba7",
                "sha256:7f5b7deae912cf8b77e990b9280f170381fdfbddf61b4ef80927edd813163732",
                "sha256:8a21be69bd26fa81b1f80a61ee7ab05b076c674d9b18fb56239d72e21d9f4c80",
                "sha256:9c250883f9fd81d212e0952c92dbfcc96fc237f4b7c92f56ac81fd48460b3e5a",
                "sha256:9f73dba9ec77acb86457a8fc04b5239822df0c14a082564737833d2963677dbc",
                "sha256:a0affb3a79a256b4183ba09811e3577c5163ed06685e4d4b46429a271ba174d2",
                "sha256:a4c1bfcdbce96ff5d96fc9b08e3831acb30dc44ab02671eca5953eadad07d6d0",
                "sha256:a6789be98a2017c912ae6ccb77ea553bbaf13d27605d2ca20a76dfbced631b24",
                "sha256:a7b44178c9760ce1a43f544e595d35ed61ac2c3de306599fa59b38a6048e1aa7",
                "sha256:bde31fc887c213e223bbfc34328070996061b0833b0a4cfec53745ed61f3519b",
                "sha256:c5fc54dbb712ff5e5a0fca797e6e0aa25726c7e72c6a5850cfd2adbc1eb0a372",
                "sha256:de2904956dac40ced10931ac967ae63c5089bd498542194b436eb097a9f77bc8"
            ],
            "index": "pypi",
            "markers": "python_version >= '3.8'",
            "version": "==1.13.0"
        },
        "mypy-extensions": {
            "hashes": [
                "sha256:4392f6c0eb8a5668a69e23d168ffa70f0be9ccfd32b5cc2d26a34ae5b844552d",
                "sha256:75dbf8955dc00442a438fc4d0666508a9a97b6bd41aa2f0ffe9d2f2725af0782"
            ],
            "markers": "python_version >= '3.5'",
            "version": "==1.0.0"
        },
        "publication": {
            "hashes": [
                "sha256:0248885351febc11d8a1098d5c8e3ab2dabcf3e8c0c96db1e17ecd12b53afbe6",
                "sha256:68416a0de76dddcdd2930d1c8ef853a743cc96c82416c4e4d3b5d901c6276dc4"
            ],
            "version": "==0.0.3"
        },
        "python-dateutil": {
            "hashes": [
                "sha256:37dd54208da7e1cd875388217d5e00ebd4179249f90fb72437e91a35459a0ad3",
                "sha256:a8b2bc7bffae282281c8140a97d3aa9c14da0b136dfe83f850eea9a5f7470427"
            ],
            "markers": "python_version >= '2.7' and python_version not in '3.0, 3.1, 3.2'",
            "version": "==2.9.0.post0"
        },
        "referencing": {
            "hashes": [
                "sha256:25b42124a6c8b632a425174f24087783efb348a6f1e0008e63cd4466fedf703c",
                "sha256:eda6d3234d62814d1c64e305c1331c9a3a6132da475ab6382eaa997b21ee75de"
            ],
            "markers": "python_version >= '3.8'",
            "version": "==0.35.1"
        },
        "rpds-py": {
            "hashes": [
                "sha256:031819f906bb146561af051c7cef4ba2003d28cff07efacef59da973ff7969ba",
                "sha256:0626238a43152918f9e72ede9a3b6ccc9e299adc8ade0d67c5e142d564c9a83d",
                "sha256:085ed25baac88953d4283e5b5bd094b155075bb40d07c29c4f073e10623f9f2e",
                "sha256:0a9e0759e7be10109645a9fddaaad0619d58c9bf30a3f248a2ea57a7c417173a",
                "sha256:0c025820b78817db6a76413fff6866790786c38f95ea3f3d3c93dbb73b632202",
                "sha256:1ff2eba7f6c0cb523d7e9cff0903f2fe1feff8f0b2ceb6bd71c0e20a4dcee271",
                "sha256:20cc1ed0bcc86d8e1a7e968cce15be45178fd16e2ff656a243145e0b439bd250",
                "sha256:241e6c125568493f553c3d0fdbb38c74babf54b45cef86439d4cd97ff8feb34d",
                "sha256:2c51d99c30091f72a3c5d126fad26236c3f75716b8b5e5cf8effb18889ced928",
                "sha256:2d6129137f43f7fa02d41542ffff4871d4aefa724a5fe38e2c31a4e0fd343fb0",
                "sha256:30b912c965b2aa76ba5168fd610087bad7fcde47f0a8367ee8f1876086ee6d1d",
                "sha256:30bdc973f10d28e0337f71d202ff29345320f8bc49a31c90e6c257e1ccef4333",
                "sha256:320c808df533695326610a1b6a0a6e98f033e49de55d7dc36a13c8a30cfa756e",
                "sha256:32eb88c30b6a4f0605508023b7141d043a79b14acb3b969aa0b4f99b25bc7d4a",
                "sha256:3b766a9f57663396e4f34f5140b3595b233a7b146e94777b97a8413a1da1be18",
                "sha256:3b929c2bb6e29ab31f12a1117c39f7e6d6450419ab7464a4ea9b0b417174f044",
                "sha256:3e30a69a706e8ea20444b98a49f386c17b26f860aa9245329bab0851ed100677",
                "sha256:3e53861b29a13d5b70116ea4230b5f0f3547b2c222c5daa090eb7c9c82d7f664",
                "sha256:40c91c6e34cf016fa8e6b59d75e3dbe354830777fcfd74c58b279dceb7975b75",
                "sha256:4991ca61656e3160cdaca4851151fd3f4a92e9eba5c7a530ab030d6aee96ec89",
                "sha256:4ab2c2a26d2f69cdf833174f4d9d86118edc781ad9a8fa13970b527bf8236027",
                "sha256:4e8921a259f54bfbc755c5bbd60c82bb2339ae0324163f32868f63f0ebb873d9",
                "sha256:4eb2de8a147ffe0626bfdc275fc6563aa7bf4b6db59cf0d44f0ccd6ca625a24e",
                "sha256:5145282a7cd2ac16ea0dc46b82167754d5e103a05614b724457cffe614f25bd8",
                "sha256:520ed8b99b0bf86a176271f6fe23024323862ac674b1ce5b02a72bfeff3fff44",
                "sha256:52c041802a6efa625ea18027a0723676a778869481d16803481ef6cc02ea8cb3",
                "sha256:5555db3e618a77034954b9dc547eae94166391a98eb867905ec8fcbce1308d95",
                "sha256:58a0e345be4b18e6b8501d3b0aa540dad90caeed814c515e5206bb2ec26736fd",
                "sha256:590ef88db231c9c1eece44dcfefd7515d8bf0d986d64d0caf06a81998a9e8cab",
                "sha256:5afb5efde74c54724e1a01118c6e5c15e54e642c42a1ba588ab1f03544ac8c7a",
                "sha256:688c93b77e468d72579351a84b95f976bd7b3e84aa6686be6497045ba84be560",
                "sha256:6b4ef7725386dc0762857097f6b7266a6cdd62bfd209664da6712cb26acef035",
                "sha256:6bc0e697d4d79ab1aacbf20ee5f0df80359ecf55db33ff41481cf3e24f206919",
                "sha256:6dcc4949be728ede49e6244eabd04064336012b37f5c2200e8ec8eb2988b209c",
                "sha256:6f54e7106f0001244a5f4cf810ba8d3f9c542e2730821b16e969d6887b664266",
                "sha256:808f1ac7cf3b44f81c9475475ceb221f982ef548e44e024ad5f9e7060649540e",
                "sha256:8404b3717da03cbf773a1d275d01fec84ea007754ed380f63dfc24fb76ce4592",
                "sha256:878f6fea96621fda5303a2867887686d7a198d9e0f8a40be100a63f5d60c88c9",
                "sha256:8a7ff941004d74d55a47f916afc38494bd1cfd4b53c482b77c03147c91ac0ac3",
                "sha256:95a5bad1ac8a5c77b4e658671642e4af3707f095d2b78a1fdd08af0dfb647624",
                "sha256:97ef67d9bbc3e15584c2f3c74bcf064af36336c10d2e21a2131e123ce0f924c9",
                "sha256:98486337f7b4f3c324ab402e83453e25bb844f44418c066623db88e4c56b7c7b",
                "sha256:98e4fe5db40db87ce1c65031463a760ec7906ab230ad2249b4572c2fc3ef1f9f",
                "sha256:998a8080c4495e4f72132f3d66ff91f5997d799e86cec6ee05342f8f3cda7dca",
                "sha256:9afe42102b40007f588666bc7de82451e10c6788f6f70984629db193849dced1",
                "sha256:9e20da3957bdf7824afdd4b6eeb29510e83e026473e04952dca565170cd1ecc8",
                "sha256:a017f813f24b9df929674d0332a374d40d7f0162b326562daae8066b502d0590",
                "sha256:a429b99337062877d7875e4ff1a51fe788424d522bd64a8c0a20ef3021fdb6ed",
                "sha256:a58ce66847711c4aa2ecfcfaff04cb0327f907fead8945ffc47d9407f41ff952",
                "sha256:a78d8b634c9df7f8d175451cfeac3810a702ccb85f98ec95797fa98b942cea11",
                "sha256:a89a8ce9e4e75aeb7fa5d8ad0f3fecdee813802592f4f46a15754dcb2fd6b061",
                "sha256:a8eeec67590e94189f434c6d11c426892e396ae59e4801d17a93ac96b8c02a6c",
                "sha256:aaeb25ccfb9b9014a10eaf70904ebf3f79faaa8e60e99e19eef9f478651b9b74",
                "sha256:ad116dda078d0bc4886cb7840e19811562acdc7a8e296ea6ec37e70326c1b41c",
                "sha256:af04ac89c738e0f0f1b913918024c3eab6e3ace989518ea838807177d38a2e94",
                "sha256:af4a644bf890f56e41e74be7d34e9511e4954894d544ec6b8efe1e21a1a8da6c",
                "sha256:b21747f79f360e790525e6f6438c7569ddbfb1b3197b9e65043f25c3c9b489d8",
                "sha256:b229ce052ddf1a01c67d68166c19cb004fb3612424921b81c46e7ea7ccf7c3bf",
                "sha256:b4de1da871b5c0fd5537b26a6fc6814c3cc05cabe0c941db6e9044ffbb12f04a",
                "sha256:b80b4690bbff51a034bfde9c9f6bf9357f0a8c61f548942b80f7b66356508bf5",
                "sha256:b876f2bc27ab5954e2fd88890c071bd0ed18b9c50f6ec3de3c50a5ece612f7a6",
                "sha256:b8f107395f2f1d151181880b69a2869c69e87ec079c49c0016ab96860b6acbe5",
                "sha256:b9b76e2afd585803c53c5b29e992ecd183f68285b62fe2668383a18e74abe7a3",
                "sha256:c2b2f71c6ad6c2e4fc9ed9401080badd1469fa9889657ec3abea42a3d6b2e1ed",
                "sha256:c3761f62fcfccf0864cc4665b6e7c3f0c626f0380b41b8bd1ce322103fa3ef87",
                "sha256:c38dbf31c57032667dd5a2f0568ccde66e868e8f78d5a0d27dcc56d70f3fcd3b",
                "sha256:ca9989d5d9b1b300bc18e1801c67b9f6d2c66b8fd9621b36072ed1df2c977f72",
                "sha256:cbd7504a10b0955ea287114f003b7ad62330c9e65ba012c6223dba646f6ffd05",
                "sha256:d167e4dbbdac48bd58893c7e446684ad5d425b407f9336e04ab52e8b9194e2ed",
                "sha256:d2132377f9deef0c4db89e65e8bb28644ff75a18df5293e132a8d67748397b9f",
                "sha256:da52d62a96e61c1c444f3998c434e8b263c384f6d68aca8274d2e08d1906325c",
                "sha256:daa8efac2a1273eed2354397a51216ae1e198ecbce9036fba4e7610b308b6153",
                "sha256:dc5695c321e518d9f03b7ea6abb5ea3af4567766f9852ad1560f501b17588c7b",
                "sha256:de552f4a1916e520f2703ec474d2b4d3f86d41f353e7680b597512ffe7eac5d0",
                "sha256:de609a6f1b682f70bb7163da745ee815d8f230d97276db049ab447767466a09d",
                "sha256:e12bb09678f38b7597b8346983d2323a6482dcd59e423d9448108c1be37cac9d",
                "sha256:e168afe6bf6ab7ab46c8c375606298784ecbe3ba31c0980b7dcbb9631dcba97e",
                "sha256:e78868e98f34f34a88e23ee9ccaeeec460e4eaf6db16d51d7a9b883e5e785a5e",
                "sha256:e860f065cc4ea6f256d6f411aba4b1251255366e48e972f8a347cf88077b24fd",
                "sha256:ea3a6ac4d74820c98fcc9da4a57847ad2cc36475a8bd9683f32ab6d47a2bd682",
                "sha256:ebf64e281a06c904a7636781d2e973d1f0926a5b8b480ac658dc0f556e7779f4",
                "sha256:ed6378c9d66d0de903763e7706383d60c33829581f0adff47b6535f1802fa6db",
                "sha256:ee1e4fc267b437bb89990b2f2abf6c25765b89b72dd4a11e21934df449e0c976",
                "sha256:ee4eafd77cc98d355a0d02f263efc0d3ae3ce4a7c24740010a8b4012bbb24937",
                "sha256:efec946f331349dfc4ae9d0e034c263ddde19414fe5128580f512619abed05f1",
                "sha256:f414da5c51bf350e4b7960644617c130140423882305f7574b6cf65a3081cecb",
                "sha256:f71009b0d5e94c0e86533c0b27ed7cacc1239cb51c178fd239c3cfefefb0400a",
                "sha256:f983e4c2f603c95dde63df633eec42955508eefd8d0f0e6d236d31a044c882d7",
                "sha256:faa5e8496c530f9c71f2b4e1c49758b06e5f4055e17144906245c99fa6d45356",
                "sha256:fed5dfefdf384d6fe975cc026886aece4f292feaf69d0eeb716cfd3c5a4dd8be"
            ],
            "markers": "python_version >= '3.9'",
            "version": "==0.21.0"
        },
        "six": {
            "hashes": [
                "sha256:1e61c37477a1626458e36f7b1d82aa5c9b094fa4802892072e49de9c60c4c926",
                "sha256:8abb2f1d86890a2dfb989f9a77cfcfd3e47c2a354b01111771326f8aa26e0254"
            ],
            "markers": "python_version >= '2.7' and python_version not in '3.0, 3.1, 3.2'",
            "version": "==1.16.0"
        },
        "typeguard": {
            "hashes": [
                "sha256:00edaa8da3a133674796cf5ea87d9f4b4c367d77476e185e80251cc13dfbb8c4",
                "sha256:5e3e3be01e887e7eafae5af63d1f36c849aaa94e3a0112097312aabfa16284f1"
            ],
            "markers": "python_full_version >= '3.5.3'",
            "version": "==2.13.3"
        },
        "types-jsonschema": {
            "hashes": [
                "sha256:be283e23f0b87547316c2ee6b0fd36d95ea30e921db06478029e10b5b6aa6ac3",
                "sha256:c93f48206f209a5bc4608d295ac39f172fb98b9e24159ce577dbd25ddb79a1c0"
            ],
            "index": "pypi",
            "markers": "python_version >= '3.8'",
            "version": "==4.23.0.20240813"
        },
        "typing-extensions": {
            "hashes": [
                "sha256:04e5ca0351e0f3f85c6853954072df659d0d13fac324d0072316b67d7794700d",
                "sha256:1a7ead55c7e559dd4dee8856e3a88b41225abfe1ce8df57b7c13915fe121ffb8"
            ],
            "markers": "python_version >= '3.8'",
            "version": "==4.12.2"
        }
    },
    "develop": {}
}
