{
    "_meta": {
        "hash": {
            "sha256": "285f4cd049b0929cb9456557aa88d520b18a14269a94291e3841af3ac4225304"
        },
        "pipfile-spec": 6,
        "requires": {
            "python_version": "3.10"
        },
        "sources": [
            {
                "name": "pypi",
                "url": "https://pypi.org/simple",
                "verify_ssl": true
            }
        ]
    },
    "default": {
        "attrs": {
            "hashes": [
                "sha256:1c97078a80c814273a76b2a298a932eb681c87415c11dee0a6921de7f1b02c3e",
                "sha256:c75a69e28a550a7e93789579c22aa26b0f5b83b75dc4e08fe092980051e1090a"
            ],
            "markers": "python_version >= '3.8'",
            "version": "==25.1.0"
        },
        "cattrs": {
            "hashes": [
                "sha256:67c7495b760168d931a10233f979b28dc04daf853b30752246f4f8471c6d68d0",
                "sha256:8028cfe1ff5382df59dd36474a86e02d817b06eaf8af84555441bac915d2ef85"
            ],
            "markers": "python_version >= '3.8'",
            "version": "==24.1.2"
        },
        "cdk8s": {
            "hashes": [
                "sha256:bd3bd68cdcd807a6bb91fa541a4b4e201d18198da61e57aceab0e53d661447d2",
                "sha256:c09c35cce4af3d1a56afc62f30ce7a058d8f3de967343e44f4d88db5489e89be"
            ],
            "index": "pypi",
            "markers": "python_version ~= '3.7'",
            "version": "==2.66.13"
        },
        "constructs": {
            "hashes": [
                "sha256:ade1b5224830e78724ed50ce91ec2e6ce437c9983713c2b8ca541272283c5d37",
                "sha256:f4ae2e0705baff188519e0233ad2129537c8eca40d68242873ca444a659549f8"
            ],
            "index": "pypi",
            "markers": "python_version ~= '3.7'",
            "version": "==10.2.70"
        },
        "exceptiongroup": {
            "hashes": [
                "sha256:3111b9d131c238bec2f8f516e123e14ba243563fb135d3fe885990585aa7795b",
                "sha256:47c2edf7c6738fafb49fd34290706d1a1a2f4d1c6df275526b62cbb4aa5393cc"
            ],
            "index": "pypi",
            "markers": "python_version >= '3.7'",
            "version": "==1.2.2"
        },
        "importlib-resources": {
            "hashes": [
                "sha256:185f87adef5bcc288449d98fb4fba07cea78bc036455dd44c5fc4a2fe78fed2c",
                "sha256:789cfdc3ed28c78b67a06acb8126751ced69a3d5f79c095a98298cd8a760ccec"
            ],
            "markers": "python_version >= '3.9'",
            "version": "==6.5.2"
        },
        "jsii": {
            "hashes": [
                "sha256:d6c99671ab44520069ad6198e3b07379ae9c075bcb53b8a16455c1beb10288ea",
                "sha256:f1053a414ac117c6ecae7208c5ca4cb6d10ca3420c69e30f8b9cca64cc37e61b"
            ],
            "markers": "python_version ~= '3.8'",
            "version": "==1.108.0"
        },
        "jsonschema": {
            "hashes": [
                "sha256:d71497fef26351a33265337fa77ffeb82423f3ea21283cd9467bb03999266bc4",
                "sha256:fbadb6f8b144a8f8cf9f0b89ba94501d143e50411a1278633f56a7acf7fd5566"
            ],
            "index": "pypi",
            "markers": "python_version >= '3.8'",
            "version": "==4.23.0"
        },
        "jsonschema-specifications": {
            "hashes": [
                "sha256:0f38b83639958ce1152d02a7f062902c41c8fd20d558b0c34344292d417ae272",
                "sha256:a09a0680616357d9a0ecf05c12ad234479f549239d0f5b55f3deea67475da9bf"
            ],
            "markers": "python_version >= '3.9'",
            "version": "==2024.10.1"
        },
        "mypy": {
            "hashes": [
                "sha256:1124a18bc11a6a62887e3e137f37f53fbae476dc36c185d549d4f837a2a6a14e",
                "sha256:171a9ca9a40cd1843abeca0e405bc1940cd9b305eaeea2dda769ba096932bb22",
                "sha256:1905f494bfd7d85a23a88c5d97840888a7bd516545fc5aaedff0267e0bb54e2f",
                "sha256:1fbb8da62dc352133d7d7ca90ed2fb0e9d42bb1a32724c287d3c76c58cbaa9c2",
                "sha256:2922d42e16d6de288022e5ca321cd0618b238cfc5570e0263e5ba0a77dbef56f",
                "sha256:2e2c2e6d3593f6451b18588848e66260ff62ccca522dd231cd4dd59b0160668b",
                "sha256:2ee2d57e01a7c35de00f4634ba1bbf015185b219e4dc5909e281016df43f5ee5",
                "sha256:2f2147ab812b75e5b5499b01ade1f4a81489a147c01585cda36019102538615f",
                "sha256:404534629d51d3efea5c800ee7c42b72a6554d6c400e6a79eafe15d11341fd43",
                "sha256:5469affef548bd1895d86d3bf10ce2b44e33d86923c29e4d675b3e323437ea3e",
                "sha256:5a95fb17c13e29d2d5195869262f8125dfdb5c134dc8d9a9d0aecf7525b10c2c",
                "sha256:6983aae8b2f653e098edb77f893f7b6aca69f6cffb19b2cc7443f23cce5f4828",
                "sha256:712e962a6357634fef20412699a3655c610110e01cdaa6180acec7fc9f8513ba",
                "sha256:8023ff13985661b50a5928fc7a5ca15f3d1affb41e5f0a9952cb68ef090b31ee",
                "sha256:811aeccadfb730024c5d3e326b2fbe9249bb7413553f15499a4050f7c30e801d",
                "sha256:8f8722560a14cde92fdb1e31597760dc35f9f5524cce17836c0d22841830fd5b",
                "sha256:93faf3fdb04768d44bf28693293f3904bbb555d076b781ad2530214ee53e3445",
                "sha256:973500e0774b85d9689715feeffcc980193086551110fd678ebe1f4342fb7c5e",
                "sha256:979e4e1a006511dacf628e36fadfecbcc0160a8af6ca7dad2f5025529e082c13",
                "sha256:98b7b9b9aedb65fe628c62a6dc57f6d5088ef2dfca37903a7d9ee374d03acca5",
                "sha256:aea39e0583d05124836ea645f412e88a5c7d0fd77a6d694b60d9b6b2d9f184fd",
                "sha256:b9378e2c00146c44793c98b8d5a61039a048e31f429fb0eb546d93f4b000bedf",
                "sha256:baefc32840a9f00babd83251560e0ae1573e2f9d1b067719479bfb0e987c6357",
                "sha256:be68172e9fd9ad8fb876c6389f16d1c1b5f100ffa779f77b1fb2176fcc9ab95b",
                "sha256:c43a7682e24b4f576d93072216bf56eeff70d9140241f9edec0c104d0c515036",
                "sha256:c4bb0e1bd29f7d34efcccd71cf733580191e9a264a2202b0239da95984c5b559",
                "sha256:c7be1e46525adfa0d97681432ee9fcd61a3964c2446795714699a998d193f1a3",
                "sha256:c9817fa23833ff189db061e6d2eff49b2f3b6ed9856b4a0a73046e41932d744f",
                "sha256:ce436f4c6d218a070048ed6a44c0bbb10cd2cc5e272b29e7845f6a2f57ee4464",
                "sha256:d10d994b41fb3497719bbf866f227b3489048ea4bbbb5015357db306249f7980",
                "sha256:e601a7fa172c2131bff456bb3ee08a88360760d0d2f8cbd7a75a65497e2df078",
                "sha256:f95579473af29ab73a10bada2f9722856792a36ec5af5399b653aa28360290a5"
            ],
            "index": "pypi",
            "markers": "python_version >= '3.9'",
            "version": "==1.15.0"
        },
        "mypy-extensions": {
            "hashes": [
                "sha256:4392f6c0eb8a5668a69e23d168ffa70f0be9ccfd32b5cc2d26a34ae5b844552d",
                "sha256:75dbf8955dc00442a438fc4d0666508a9a97b6bd41aa2f0ffe9d2f2725af0782"
            ],
            "markers": "python_version >= '3.5'",
            "version": "==1.0.0"
        },
        "publication": {
            "hashes": [
                "sha256:0248885351febc11d8a1098d5c8e3ab2dabcf3e8c0c96db1e17ecd12b53afbe6",
                "sha256:68416a0de76dddcdd2930d1c8ef853a743cc96c82416c4e4d3b5d901c6276dc4"
            ],
            "version": "==0.0.3"
        },
        "python-dateutil": {
            "hashes": [
                "sha256:37dd54208da7e1cd875388217d5e00ebd4179249f90fb72437e91a35459a0ad3",
                "sha256:a8b2bc7bffae282281c8140a97d3aa9c14da0b136dfe83f850eea9a5f7470427"
            ],
            "markers": "python_version >= '2.7' and python_version not in '3.0, 3.1, 3.2, 3.3'",
            "version": "==2.9.0.post0"
        },
        "referencing": {
            "hashes": [
                "sha256:df2e89862cd09deabbdba16944cc3f10feb6b3e6f18e902f7cc25609a34775aa",
                "sha256:e8699adbbf8b5c7de96d8ffa0eb5c158b3beafce084968e2ea8bb08c6794dcd0"
            ],
            "markers": "python_version >= '3.9'",
            "version": "==0.36.2"
        },
        "rpds-py": {
            "hashes": [
                "sha256:09cd7dbcb673eb60518231e02874df66ec1296c01a4fcd733875755c02014b19",
                "sha256:0f3288930b947cbebe767f84cf618d2cbe0b13be476e749da0e6a009f986248c",
                "sha256:0fced9fd4a07a1ded1bac7e961ddd9753dd5d8b755ba8e05acba54a21f5f1522",
                "sha256:112b8774b0b4ee22368fec42749b94366bd9b536f8f74c3d4175d4395f5cbd31",
                "sha256:11dd60b2ffddba85715d8a66bb39b95ddbe389ad2cfcf42c833f1bcde0878eaf",
                "sha256:178f8a60fc24511c0eb756af741c476b87b610dba83270fce1e5a430204566a4",
                "sha256:1b08027489ba8fedde72ddd233a5ea411b85a6ed78175f40285bd401bde7466d",
                "sha256:1bf5be5ba34e19be579ae873da515a2836a2166d8d7ee43be6ff909eda42b72b",
                "sha256:1ed7de3c86721b4e83ac440751329ec6a1102229aa18163f84c75b06b525ad7e",
                "sha256:1eedaaccc9bb66581d4ae7c50e15856e335e57ef2734dbc5fd8ba3e2a4ab3cb6",
                "sha256:243241c95174b5fb7204c04595852fe3943cc41f47aa14c3828bc18cd9d3b2d6",
                "sha256:26bb3e8de93443d55e2e748e9fd87deb5f8075ca7bc0502cfc8be8687d69a2ec",
                "sha256:271fa2184cf28bdded86bb6217c8e08d3a169fe0bbe9be5e8d96e8476b707122",
                "sha256:28358c54fffadf0ae893f6c1050e8f8853e45df22483b7fff2f6ab6152f5d8bf",
                "sha256:285019078537949cecd0190f3690a0b0125ff743d6a53dfeb7a4e6787af154f5",
                "sha256:2893d778d4671ee627bac4037a075168b2673c57186fb1a57e993465dbd79a93",
                "sha256:2a54027554ce9b129fc3d633c92fa33b30de9f08bc61b32c053dc9b537266fed",
                "sha256:2c6ae11e6e93728d86aafc51ced98b1658a0080a7dd9417d24bfb955bb09c3c2",
                "sha256:2cfa07c346a7ad07019c33fb9a63cf3acb1f5363c33bc73014e20d9fe8b01cdd",
                "sha256:35d5631ce0af26318dba0ae0ac941c534453e42f569011585cb323b7774502a5",
                "sha256:3614d280bf7aab0d3721b5ce0e73434acb90a2c993121b6e81a1c15c665298ac",
                "sha256:3902df19540e9af4cc0c3ae75974c65d2c156b9257e91f5101a51f99136d834c",
                "sha256:3aaf141d39f45322e44fc2c742e4b8b4098ead5317e5f884770c8df0c332da70",
                "sha256:3d8abf7896a91fb97e7977d1aadfcc2c80415d6dc2f1d0fca5b8d0df247248f3",
                "sha256:3e77febf227a1dc3220159355dba68faa13f8dca9335d97504abf428469fb18b",
                "sha256:3e9212f52074fc9d72cf242a84063787ab8e21e0950d4d6709886fb62bcb91d5",
                "sha256:3ee9d6f0b38efb22ad94c3b68ffebe4c47865cdf4b17f6806d6c674e1feb4246",
                "sha256:4233df01a250b3984465faed12ad472f035b7cd5240ea3f7c76b7a7016084495",
                "sha256:4263320ed887ed843f85beba67f8b2d1483b5947f2dc73a8b068924558bfeace",
                "sha256:4ab923167cfd945abb9b51a407407cf19f5bee35001221f2911dc85ffd35ff4f",
                "sha256:4caafd1a22e5eaa3732acb7672a497123354bef79a9d7ceed43387d25025e935",
                "sha256:50fb62f8d8364978478b12d5f03bf028c6bc2af04082479299139dc26edf4c64",
                "sha256:55ff4151cfd4bc635e51cfb1c59ac9f7196b256b12e3a57deb9e5742e65941ad",
                "sha256:5b98b6c953e5c2bda51ab4d5b4f172617d462eebc7f4bfdc7c7e6b423f6da957",
                "sha256:5c9ff044eb07c8468594d12602291c635da292308c8c619244e30698e7fc455a",
                "sha256:5e9c206a1abc27e0588cf8b7c8246e51f1a16a103734f7750830a1ccb63f557a",
                "sha256:5fb89edee2fa237584e532fbf78f0ddd1e49a47c7c8cfa153ab4849dc72a35e6",
                "sha256:633462ef7e61d839171bf206551d5ab42b30b71cac8f10a64a662536e057fdef",
                "sha256:66f8d2a17e5838dd6fb9be6baaba8e75ae2f5fa6b6b755d597184bfcd3cb0eba",
                "sha256:6959bb9928c5c999aba4a3f5a6799d571ddc2c59ff49917ecf55be2bbb4e3722",
                "sha256:698a79d295626ee292d1730bc2ef6e70a3ab135b1d79ada8fde3ed0047b65a10",
                "sha256:721f9c4011b443b6e84505fc00cc7aadc9d1743f1c988e4c89353e19c4a968ee",
                "sha256:72e680c1518733b73c994361e4b06441b92e973ef7d9449feec72e8ee4f713da",
                "sha256:75307599f0d25bf6937248e5ac4e3bde5ea72ae6618623b86146ccc7845ed00b",
                "sha256:754fba3084b70162a6b91efceee8a3f06b19e43dac3f71841662053c0584209a",
                "sha256:759462b2d0aa5a04be5b3e37fb8183615f47014ae6b116e17036b131985cb731",
                "sha256:7938c7b0599a05246d704b3f5e01be91a93b411d0d6cc62275f025293b8a11ce",
                "sha256:7b77e07233925bd33fc0022b8537774423e4c6680b6436316c5075e79b6384f4",
                "sha256:7e5413d2e2d86025e73f05510ad23dad5950ab8417b7fc6beaad99be8077138b",
                "sha256:7f3240dcfa14d198dba24b8b9cb3b108c06b68d45b7babd9eefc1038fdf7e707",
                "sha256:7f9682a8f71acdf59fd554b82b1c12f517118ee72c0f3944eda461606dfe7eb9",
                "sha256:8d67beb6002441faef8251c45e24994de32c4c8686f7356a1f601ad7c466f7c3",
                "sha256:9441af1d25aed96901f97ad83d5c3e35e6cd21a25ca5e4916c82d7dd0490a4fa",
                "sha256:98b257ae1e83f81fb947a363a274c4eb66640212516becaff7bef09a5dceacaa",
                "sha256:9e9f3a3ac919406bc0414bbbd76c6af99253c507150191ea79fab42fdb35982a",
                "sha256:a1c66e71ecfd2a4acf0e4bd75e7a3605afa8f9b28a3b497e4ba962719df2be57",
                "sha256:a1e17d8dc8e57d8e0fd21f8f0f0a5211b3fa258b2e444c2053471ef93fe25a00",
                "sha256:a20cb698c4a59c534c6701b1c24a968ff2768b18ea2991f886bd8985ce17a89f",
                "sha256:a970bfaf130c29a679b1d0a6e0f867483cea455ab1535fb427566a475078f27f",
                "sha256:a98f510d86f689fcb486dc59e6e363af04151e5260ad1bdddb5625c10f1e95f8",
                "sha256:a9d3b728f5a5873d84cba997b9d617c6090ca5721caaa691f3b1a78c60adc057",
                "sha256:ad76f44f70aac3a54ceb1813ca630c53415da3a24fd93c570b2dfb4856591017",
                "sha256:ae28144c1daa61366205d32abd8c90372790ff79fc60c1a8ad7fd3c8553a600e",
                "sha256:b03a8d50b137ee758e4c73638b10747b7c39988eb8e6cd11abb7084266455165",
                "sha256:b5a96fcac2f18e5a0a23a75cd27ce2656c66c11c127b0318e508aab436b77428",
                "sha256:b5ef909a37e9738d146519657a1aab4584018746a18f71c692f2f22168ece40c",
                "sha256:b79f5ced71efd70414a9a80bbbfaa7160da307723166f09b69773153bf17c590",
                "sha256:b91cceb5add79ee563bd1f70b30896bd63bc5f78a11c1f00a1e931729ca4f1f4",
                "sha256:b92f5654157de1379c509b15acec9d12ecf6e3bc1996571b6cb82a4302060447",
                "sha256:c04ca91dda8a61584165825907f5c967ca09e9c65fe8966ee753a3f2b019fe1e",
                "sha256:c1f8afa346ccd59e4e5630d5abb67aba6a9812fddf764fd7eb11f382a345f8cc",
                "sha256:c5334a71f7dc1160382d45997e29f2637c02f8a26af41073189d79b95d3321f1",
                "sha256:c617d7453a80e29d9973b926983b1e700a9377dbe021faa36041c78537d7b08c",
                "sha256:c632419c3870507ca20a37c8f8f5352317aca097639e524ad129f58c125c61c6",
                "sha256:c6760211eee3a76316cf328f5a8bd695b47b1626d21c8a27fb3b2473a884d597",
                "sha256:c698d123ce5d8f2d0cd17f73336615f6a2e3bdcedac07a1291bb4d8e7d82a05a",
                "sha256:c76b32eb2ab650a29e423525e84eb197c45504b1c1e6e17b6cc91fcfeb1a4b1d",
                "sha256:c8f7e90b948dc9dcfff8003f1ea3af08b29c062f681c05fd798e36daa3f7e3e8",
                "sha256:c9e799dac1ffbe7b10c1fd42fe4cd51371a549c6e108249bde9cd1200e8f59b4",
                "sha256:cafa48f2133d4daa028473ede7d81cd1b9f9e6925e9e4003ebdf77010ee02f35",
                "sha256:ce473a2351c018b06dd8d30d5da8ab5a0831056cc53b2006e2a8028172c37ce5",
                "sha256:d31ed4987d72aabdf521eddfb6a72988703c091cfc0064330b9e5f8d6a042ff5",
                "sha256:d550d7e9e7d8676b183b37d65b5cd8de13676a738973d330b59dc8312df9c5dc",
                "sha256:d6adb81564af0cd428910f83fa7da46ce9ad47c56c0b22b50872bc4515d91966",
                "sha256:d6f6512a90bd5cd9030a6237f5346f046c6f0e40af98657568fa45695d4de59d",
                "sha256:d7031d493c4465dbc8d40bd6cafefef4bd472b17db0ab94c53e7909ee781b9ef",
                "sha256:d9f75a06ecc68f159d5d7603b734e1ff6daa9497a929150f794013aa9f6e3f12",
                "sha256:db7707dde9143a67b8812c7e66aeb2d843fe33cc8e374170f4d2c50bd8f2472d",
                "sha256:e0397dd0b3955c61ef9b22838144aa4bef6f0796ba5cc8edfc64d468b93798b4",
                "sha256:e0df046f2266e8586cf09d00588302a32923eb6386ced0ca5c9deade6af9a149",
                "sha256:e14f86b871ea74c3fddc9a40e947d6a5d09def5adc2076ee61fb910a9014fb35",
                "sha256:e5963ea87f88bddf7edd59644a35a0feecf75f8985430124c253612d4f7d27ae",
                "sha256:e768267cbe051dd8d1c5305ba690bb153204a09bf2e3de3ae530de955f5b5580",
                "sha256:e9cb79ecedfc156c0692257ac7ed415243b6c35dd969baa461a6888fc79f2f07",
                "sha256:ed6f011bedca8585787e5082cce081bac3d30f54520097b2411351b3574e1219",
                "sha256:f3429fb8e15b20961efca8c8b21432623d85db2228cc73fe22756c6637aa39e7",
                "sha256:f35eff113ad430b5272bbfc18ba111c66ff525828f24898b4e146eb479a2cdda",
                "sha256:f3a6cb95074777f1ecda2ca4fa7717caa9ee6e534f42b7575a8f0d4cb0c24013",
                "sha256:f7356a6da0562190558c4fcc14f0281db191cdf4cb96e7604c06acfcee96df15",
                "sha256:f88626e3f5e57432e6191cd0c5d6d6b319b635e70b40be2ffba713053e5147dd",
                "sha256:fad784a31869747df4ac968a351e070c06ca377549e4ace94775aaa3ab33ee06",
                "sha256:fc869af5cba24d45fb0399b0cfdbcefcf6910bf4dee5d74036a57cf5264b3ff4",
                "sha256:fee513135b5a58f3bb6d89e48326cd5aa308e4bcdf2f7d59f67c861ada482bf8"
            ],
            "markers": "python_version >= '3.9'",
            "version": "==0.23.1"
        },
        "six": {
            "hashes": [
                "sha256:4721f391ed90541fddacab5acf947aa0d3dc7d27b2e1e8eda2be8970586c3274",
                "sha256:ff70335d468e7eb6ec65b95b99d3a2836546063f63acc5171de367e834932a81"
            ],
            "markers": "python_version >= '2.7' and python_version not in '3.0, 3.1, 3.2, 3.3'",
            "version": "==1.17.0"
        },
        "tomli": {
            "hashes": [
                "sha256:023aa114dd824ade0100497eb2318602af309e5a55595f76b626d6d9f3b7b0a6",
                "sha256:02abe224de6ae62c19f090f68da4e27b10af2b93213d36cf44e6e1c5abd19fdd",
                "sha256:286f0ca2ffeeb5b9bd4fcc8d6c330534323ec51b2f52da063b11c502da16f30c",
                "sha256:2d0f2fdd22b02c6d81637a3c95f8cd77f995846af7414c5c4b8d0545afa1bc4b",
                "sha256:33580bccab0338d00994d7f16f4c4ec25b776af3ffaac1ed74e0b3fc95e885a8",
                "sha256:400e720fe168c0f8521520190686ef8ef033fb19fc493da09779e592861b78c6",
                "sha256:40741994320b232529c802f8bc86da4e1aa9f413db394617b9a256ae0f9a7f77",
                "sha256:465af0e0875402f1d226519c9904f37254b3045fc5084697cefb9bdde1ff99ff",
                "sha256:4a8f6e44de52d5e6c657c9fe83b562f5f4256d8ebbfe4ff922c495620a7f6cea",
                "sha256:4e340144ad7ae1533cb897d406382b4b6fede8890a03738ff1683af800d54192",
                "sha256:678e4fa69e4575eb77d103de3df8a895e1591b48e740211bd1067378c69e8249",
                "sha256:6972ca9c9cc9f0acaa56a8ca1ff51e7af152a9f87fb64623e31d5c83700080ee",
                "sha256:7fc04e92e1d624a4a63c76474610238576942d6b8950a2d7f908a340494e67e4",
                "sha256:889f80ef92701b9dbb224e49ec87c645ce5df3fa2cc548664eb8a25e03127a98",
                "sha256:8d57ca8095a641b8237d5b079147646153d22552f1c637fd3ba7f4b0b29167a8",
                "sha256:8dd28b3e155b80f4d54beb40a441d366adcfe740969820caf156c019fb5c7ec4",
                "sha256:9316dc65bed1684c9a98ee68759ceaed29d229e985297003e494aa825ebb0281",
                "sha256:a198f10c4d1b1375d7687bc25294306e551bf1abfa4eace6650070a5c1ae2744",
                "sha256:a38aa0308e754b0e3c67e344754dff64999ff9b513e691d0e786265c93583c69",
                "sha256:a92ef1a44547e894e2a17d24e7557a5e85a9e1d0048b0b5e7541f76c5032cb13",
                "sha256:ac065718db92ca818f8d6141b5f66369833d4a80a9d74435a268c52bdfa73140",
                "sha256:b82ebccc8c8a36f2094e969560a1b836758481f3dc360ce9a3277c65f374285e",
                "sha256:c954d2250168d28797dd4e3ac5cf812a406cd5a92674ee4c8f123c889786aa8e",
                "sha256:cb55c73c5f4408779d0cf3eef9f762b9c9f147a77de7b258bef0a5628adc85cc",
                "sha256:cd45e1dc79c835ce60f7404ec8119f2eb06d38b1deba146f07ced3bbc44505ff",
                "sha256:d3f5614314d758649ab2ab3a62d4f2004c825922f9e370b29416484086b264ec",
                "sha256:d920f33822747519673ee656a4b6ac33e382eca9d331c87770faa3eef562aeb2",
                "sha256:db2b95f9de79181805df90bedc5a5ab4c165e6ec3fe99f970d0e302f384ad222",
                "sha256:e59e304978767a54663af13c07b3d1af22ddee3bb2fb0618ca1593e4f593a106",
                "sha256:e85e99945e688e32d5a35c1ff38ed0b3f41f43fad8df0bdf79f72b2ba7bc5272",
                "sha256:ece47d672db52ac607a3d9599a9d48dcb2f2f735c6c2d1f34130085bb12b112a",
                "sha256:f4039b9cbc3048b2416cc57ab3bda989a6fcf9b36cf8937f01a6e731b64f80d7"
            ],
            "markers": "python_version < '3.11'",
            "version": "==2.2.1"
        },
        "typeguard": {
            "hashes": [
                "sha256:00edaa8da3a133674796cf5ea87d9f4b4c367d77476e185e80251cc13dfbb8c4",
                "sha256:5e3e3be01e887e7eafae5af63d1f36c849aaa94e3a0112097312aabfa16284f1"
            ],
            "markers": "python_full_version >= '3.5.3'",
            "version": "==2.13.3"
        },
        "types-jsonschema": {
            "hashes": [
                "sha256:87934bd9231c99d8eff94cacfc06ba668f7973577a9bd9e1f9de957c5737313e",
                "sha256:e8b15ad01f290ecf6aea53f93fbdf7d4730e4600313e89e8a7f95622f7e87b7c"
            ],
            "index": "pypi",
            "markers": "python_version >= '3.8'",
            "version": "==4.23.0.20241208"
        },
        "typing-extensions": {
            "hashes": [
                "sha256:04e5ca0351e0f3f85c6853954072df659d0d13fac324d0072316b67d7794700d",
                "sha256:1a7ead55c7e559dd4dee8856e3a88b41225abfe1ce8df57b7c13915fe121ffb8"
            ],
            "markers": "python_version >= '3.8'",
            "version": "==4.12.2"
        }
    },
    "develop": {}
}
