{
    "_meta": {
        "hash": {
            "sha256": "c6c40ab1f100ee54f62b7f3fb568aacbebcd642c4e3575dfc9e4e5e2e8447fe1"
        },
        "pipfile-spec": 6,
        "requires": {
            "python_version": "3.12"
        },
        "sources": [
            {
                "name": "pypi",
                "url": "https://pypi.org/simple",
                "verify_ssl": true
            }
        ]
    },
    "default": {
        "attrs": {
            "hashes": [
                "sha256:c647aa4a12dfbad9333ca4e71fe62ddc36f4e63b2d260a37a8b83d2f043ac309",
                "sha256:d03ceb89cb322a8fd706d4fb91940737b6642aa36998fe130a9bc96c985eff32"
            ],
            "markers": "python_version >= '3.9'",
            "version": "==26.1.0"
        },
        "cattrs": {
            "hashes": [
                "sha256:d1e0804c42639494d469d08d4f26d6b9de9b8ab26b446db7b5f8c2e97f7c3096",
                "sha256:fa239e0f0ec0715ba34852ce813986dfed1e12117e209b816ab87401271cdd40"
            ],
            "markers": "python_version >= '3.10'",
            "version": "==26.1.0"
        },
        "cdk8s": {
            "hashes": [
                "sha256:1a5b4dfa74a71153eae050141797d546b514c0ad854ccc76feb4a89140f10fb5",
                "sha256:fea001df04166e5afee6b522d6b8f57e8ebc4352ea7e9b336d700b8b9b5b181a"
            ],
            "index": "pypi",
            "markers": "python_version >= '3.10'",
            "version": "==2.70.69"
        },
        "constructs": {
            "hashes": [
                "sha256:ad4ffabdb53c17cde00fb94e441a1ba9fddac57c92ad49d263f8dbd416cec513",
                "sha256:bc55d1d390142424861e5ff5c6b8c243c4bae18fe7302e0939c2003f329ba365"
            ],
            "index": "pypi",
            "markers": "python_version ~= '3.9'",
            "version": "==10.6.0"
        },
        "jsii": {
            "hashes": [
                "sha256:22aa450dc9538952453dcd4e51de0b9e92e3c94a6b4e468832acbcbd7b124b57",
                "sha256:c2288ce3568222883e1620dc9c2f2477331d36a4925a84711cf48297ee13cb50"
            ],
            "markers": "python_version >= '3.10'",
            "version": "==1.134.0"
        },
        "publication": {
            "hashes": [
                "sha256:0248885351febc11d8a1098d5c8e3ab2dabcf3e8c0c96db1e17ecd12b53afbe6",
                "sha256:68416a0de76dddcdd2930d1c8ef853a743cc96c82416c4e4d3b5d901c6276dc4"
            ],
            "version": "==0.0.3"
        },
        "python-dateutil": {
            "hashes": [
                "sha256:37dd54208da7e1cd875388217d5e00ebd4179249f90fb72437e91a35459a0ad3",
                "sha256:a8b2bc7bffae282281c8140a97d3aa9c14da0b136dfe83f850eea9a5f7470427"
            ],
            "markers": "python_version >= '2.7' and python_version not in '3.0, 3.1, 3.2'",
            "version": "==2.9.0.post0"
        },
        "six": {
            "hashes": [
                "sha256:4721f391ed90541fddacab5acf947aa0d3dc7d27b2e1e8eda2be8970586c3274",
                "sha256:ff70335d468e7eb6ec65b95b99d3a2836546063f63acc5171de367e834932a81"
            ],
            "markers": "python_version >= '2.7' and python_version not in '3.0, 3.1, 3.2'",
            "version": "==1.17.0"
        },
        "typeguard": {
            "hashes": [
                "sha256:00edaa8da3a133674796cf5ea87d9f4b4c367d77476e185e80251cc13dfbb8c4",
                "sha256:5e3e3be01e887e7eafae5af63d1f36c849aaa94e3a0112097312aabfa16284f1"
            ],
            "markers": "python_full_version >= '3.5.3'",
            "version": "==2.13.3"
        },
        "typing-extensions": {
            "hashes": [
                "sha256:0cea48d173cc12fa28ecabc3b837ea3cf6f38c6d1136f85cbaaf598984861466",
                "sha256:f0fa19c6845758ab08074a0cfa8b7aecb71c999ca73d62883bc25cc018c4e548"
            ],
            "markers": "python_version >= '3.9'",
            "version": "==4.15.0"
        }
    },
    "develop": {}
}
