{
    "_meta": {
        "hash": {
            "sha256": "c6c40ab1f100ee54f62b7f3fb568aacbebcd642c4e3575dfc9e4e5e2e8447fe1"
        },
        "pipfile-spec": 6,
        "requires": {
            "python_version": "3.12"
        },
        "sources": [
            {
                "name": "pypi",
                "url": "https://pypi.org/simple",
                "verify_ssl": true
            }
        ]
    },
    "default": {
        "attrs": {
            "hashes": [
                "sha256:8f5c07333d543103541ba7be0e2ce16eeee8130cb0b3f9238ab904ce1e85baff",
                "sha256:ac96cd038792094f438ad1f6ff80837353805ac950cd2aa0e0625ef19850c308"
            ],
            "markers": "python_version >= '3.8'",
            "version": "==24.3.0"
        },
        "cattrs": {
            "hashes": [
                "sha256:67c7495b760168d931a10233f979b28dc04daf853b30752246f4f8471c6d68d0",
                "sha256:8028cfe1ff5382df59dd36474a86e02d817b06eaf8af84555441bac915d2ef85"
            ],
            "markers": "python_version >= '3.8'",
            "version": "==24.1.2"
        },
        "cdk8s": {
            "hashes": [
                "sha256:7786dca0430ed46b3ff838b624d976e6e084ed0382003441263e9646444d3e9f",
                "sha256:a0fc18160c284fdb7884b53c75725c3e910a1816f224a297048e7af91ebe6db1"
            ],
            "index": "pypi",
            "markers": "python_version ~= '3.8'",
            "version": "==2.69.41"
        },
        "constructs": {
            "hashes": [
                "sha256:1f0f59b004edebfde0f826340698b8c34611f57848139b7954904c61645f13c1",
                "sha256:ce54724360fffe10bab27d8a081844eb81f5ace7d7c62c84b719c49f164d5307"
            ],
            "index": "pypi",
            "markers": "python_version ~= '3.8'",
            "version": "==10.4.2"
        },
        "importlib-resources": {
            "hashes": [
                "sha256:185f87adef5bcc288449d98fb4fba07cea78bc036455dd44c5fc4a2fe78fed2c",
                "sha256:789cfdc3ed28c78b67a06acb8126751ced69a3d5f79c095a98298cd8a760ccec"
            ],
            "markers": "python_version >= '3.9'",
            "version": "==6.5.2"
        },
        "jsii": {
            "hashes": [
                "sha256:5a44d7c3a5a326fa3d9befdb3770b380057e0a61e3804e7c4907f70d76afaaa2",
                "sha256:c79c47899f53a7c3c4b20f80d3cd306628fe9ed1852eee970324c71eba1d974e"
            ],
            "markers": "python_version ~= '3.8'",
            "version": "==1.106.0"
        },
        "publication": {
            "hashes": [
                "sha256:0248885351febc11d8a1098d5c8e3ab2dabcf3e8c0c96db1e17ecd12b53afbe6",
                "sha256:68416a0de76dddcdd2930d1c8ef853a743cc96c82416c4e4d3b5d901c6276dc4"
            ],
            "version": "==0.0.3"
        },
        "python-dateutil": {
            "hashes": [
                "sha256:37dd54208da7e1cd875388217d5e00ebd4179249f90fb72437e91a35459a0ad3",
                "sha256:a8b2bc7bffae282281c8140a97d3aa9c14da0b136dfe83f850eea9a5f7470427"
            ],
            "markers": "python_version >= '2.7' and python_version not in '3.0, 3.1, 3.2, 3.3'",
            "version": "==2.9.0.post0"
        },
        "six": {
            "hashes": [
                "sha256:4721f391ed90541fddacab5acf947aa0d3dc7d27b2e1e8eda2be8970586c3274",
                "sha256:ff70335d468e7eb6ec65b95b99d3a2836546063f63acc5171de367e834932a81"
            ],
            "markers": "python_version >= '2.7' and python_version not in '3.0, 3.1, 3.2, 3.3'",
            "version": "==1.17.0"
        },
        "typeguard": {
            "hashes": [
                "sha256:00edaa8da3a133674796cf5ea87d9f4b4c367d77476e185e80251cc13dfbb8c4",
                "sha256:5e3e3be01e887e7eafae5af63d1f36c849aaa94e3a0112097312aabfa16284f1"
            ],
            "markers": "python_full_version >= '3.5.3'",
            "version": "==2.13.3"
        },
        "typing-extensions": {
            "hashes": [
                "sha256:04e5ca0351e0f3f85c6853954072df659d0d13fac324d0072316b67d7794700d",
                "sha256:1a7ead55c7e559dd4dee8856e3a88b41225abfe1ce8df57b7c13915fe121ffb8"
            ],
            "markers": "python_version >= '3.8'",
            "version": "==4.12.2"
        }
    },
    "develop": {}
}
