{
    "_meta": {
        "hash": {
            "sha256": "a9a1d5f0b8a6a3f9b2c3c661f84dbc8e94f404a56785e845b064b829eaaa4d94"
        },
        "pipfile-spec": 6,
        "requires": {
            "python_version": "3.10"
        },
        "sources": [
            {
                "name": "pypi",
                "url": "https://pypi.org/simple",
                "verify_ssl": true
            }
        ]
    },
    "default": {
        "certifi": {
            "hashes": [
                "sha256:9943707519e4add1115f44c2bc244f782c0249876bf51b6599fee1ffbedd685c",
                "sha256:ac726dd470482006e014ad384921ed6438c457018f4b3d204aea4281258b2120"
            ],
            "markers": "python_version >= '3.7'",
            "version": "==2026.1.4"
        },
        "charset-normalizer": {
            "hashes": [
                "sha256:027f6de494925c0ab2a55eab46ae5129951638a49a34d87f4c3eda90f696b4ad",
                "sha256:077fbb858e903c73f6c9db43374fd213b0b6a778106bc7032446a8e8b5b38b93",
                "sha256:0a98e6759f854bd25a58a73fa88833fba3b7c491169f86ce1180c948ab3fd394",
                "sha256:0d3d8f15c07f86e9ff82319b3d9ef6f4bf907608f53fe9d92b28ea9ae3d1fd89",
                "sha256:0f04b14ffe5fdc8c4933862d8306109a2c51e0704acfa35d51598eb45a1e89fc",
                "sha256:11d694519d7f29d6cd09f6ac70028dba10f92f6cdd059096db198c283794ac86",
                "sha256:194f08cbb32dc406d6e1aea671a68be0823673db2832b38405deba2fb0d88f63",
                "sha256:1bee1e43c28aa63cb16e5c14e582580546b08e535299b8b6158a7c9c768a1f3d",
                "sha256:21d142cc6c0ec30d2efee5068ca36c128a30b0f2c53c1c07bd78cb6bc1d3be5f",
                "sha256:2437418e20515acec67d86e12bf70056a33abdacb5cb1655042f6538d6b085a8",
                "sha256:244bfb999c71b35de57821b8ea746b24e863398194a4014e4c76adc2bbdfeff0",
                "sha256:2677acec1a2f8ef614c6888b5b4ae4060cc184174a938ed4e8ef690e15d3e505",
                "sha256:277e970e750505ed74c832b4bf75dac7476262ee2a013f5574dd49075879e161",
                "sha256:2aaba3b0819274cc41757a1da876f810a3e4d7b6eb25699253a4effef9e8e4af",
                "sha256:2b7d8f6c26245217bd2ad053761201e9f9680f8ce52f0fcd8d0755aeae5b2152",
                "sha256:2c9d3c380143a1fedbff95a312aa798578371eb29da42106a29019368a475318",
                "sha256:3162d5d8ce1bb98dd51af660f2121c55d0fa541b46dff7bb9b9f86ea1d87de72",
                "sha256:31fd66405eaf47bb62e8cd575dc621c56c668f27d46a61d975a249930dd5e2a4",
                "sha256:362d61fd13843997c1c446760ef36f240cf81d3ebf74ac62652aebaf7838561e",
                "sha256:376bec83a63b8021bb5c8ea75e21c4ccb86e7e45ca4eb81146091b56599b80c3",
                "sha256:44c2a8734b333e0578090c4cd6b16f275e07aa6614ca8715e6c038e865e70576",
                "sha256:47cc91b2f4dd2833fddaedd2893006b0106129d4b94fdb6af1f4ce5a9965577c",
                "sha256:4902828217069c3c5c71094537a8e623f5d097858ac6ca8252f7b4d10b7560f1",
                "sha256:4bd5d4137d500351a30687c2d3971758aac9a19208fc110ccb9d7188fbe709e8",
                "sha256:4fe7859a4e3e8457458e2ff592f15ccb02f3da787fcd31e0183879c3ad4692a1",
                "sha256:542d2cee80be6f80247095cc36c418f7bddd14f4a6de45af91dfad36d817bba2",
                "sha256:554af85e960429cf30784dd47447d5125aaa3b99a6f0683589dbd27e2f45da44",
                "sha256:5833d2c39d8896e4e19b689ffc198f08ea58116bee26dea51e362ecc7cd3ed26",
                "sha256:5947809c8a2417be3267efc979c47d76a079758166f7d43ef5ae8e9f92751f88",
                "sha256:5ae497466c7901d54b639cf42d5b8c1b6a4fead55215500d2f486d34db48d016",
                "sha256:5bd2293095d766545ec1a8f612559f6b40abc0eb18bb2f5d1171872d34036ede",
                "sha256:5bfbb1b9acf3334612667b61bd3002196fe2a1eb4dd74d247e0f2a4d50ec9bbf",
                "sha256:5cb4d72eea50c8868f5288b7f7f33ed276118325c1dfd3957089f6b519e1382a",
                "sha256:5dbe56a36425d26d6cfb40ce79c314a2e4dd6211d51d6d2191c00bed34f354cc",
                "sha256:5f819d5fe9234f9f82d75bdfa9aef3a3d72c4d24a6e57aeaebba32a704553aa0",
                "sha256:64b55f9dce520635f018f907ff1b0df1fdc31f2795a922fb49dd14fbcdf48c84",
                "sha256:6515f3182dbe4ea06ced2d9e8666d97b46ef4c75e326b79bb624110f122551db",
                "sha256:65e2befcd84bc6f37095f5961e68a6f077bf44946771354a28ad434c2cce0ae1",
                "sha256:6aee717dcfead04c6eb1ce3bd29ac1e22663cdea57f943c87d1eab9a025438d7",
                "sha256:6b39f987ae8ccdf0d2642338faf2abb1862340facc796048b604ef14919e55ed",
                "sha256:6e1fcf0720908f200cd21aa4e6750a48ff6ce4afe7ff5a79a90d5ed8a08296f8",
                "sha256:74018750915ee7ad843a774364e13a3db91682f26142baddf775342c3f5b1133",
                "sha256:74664978bb272435107de04e36db5a9735e78232b85b77d45cfb38f758efd33e",
                "sha256:74bb723680f9f7a6234dcf67aea57e708ec1fbdf5699fb91dfd6f511b0a320ef",
                "sha256:752944c7ffbfdd10c074dc58ec2d5a8a4cd9493b314d367c14d24c17684ddd14",
                "sha256:778d2e08eda00f4256d7f672ca9fef386071c9202f5e4607920b86d7803387f2",
                "sha256:780236ac706e66881f3b7f2f32dfe90507a09e67d1d454c762cf642e6e1586e0",
                "sha256:798d75d81754988d2565bff1b97ba5a44411867c0cf32b77a7e8f8d84796b10d",
                "sha256:799a7a5e4fb2d5898c60b640fd4981d6a25f1c11790935a44ce38c54e985f828",
                "sha256:7a32c560861a02ff789ad905a2fe94e3f840803362c84fecf1851cb4cf3dc37f",
                "sha256:7c308f7e26e4363d79df40ca5b2be1c6ba9f02bdbccfed5abddb7859a6ce72cf",
                "sha256:7fa17817dc5625de8a027cb8b26d9fefa3ea28c8253929b8d6649e705d2835b6",
                "sha256:81d5eb2a312700f4ecaa977a8235b634ce853200e828fbadf3a9c50bab278328",
                "sha256:82004af6c302b5d3ab2cfc4cc5f29db16123b1a8417f2e25f9066f91d4411090",
                "sha256:837c2ce8c5a65a2035be9b3569c684358dfbf109fd3b6969630a87535495ceaa",
                "sha256:840c25fb618a231545cbab0564a799f101b63b9901f2569faecd6b222ac72381",
                "sha256:8a6562c3700cce886c5be75ade4a5db4214fda19fede41d9792d100288d8f94c",
                "sha256:8af65f14dc14a79b924524b1e7fffe304517b2bff5a58bf64f30b98bbc5079eb",
                "sha256:8ef3c867360f88ac904fd3f5e1f902f13307af9052646963ee08ff4f131adafc",
                "sha256:94537985111c35f28720e43603b8e7b43a6ecfb2ce1d3058bbe955b73404e21a",
                "sha256:99ae2cffebb06e6c22bdc25801d7b30f503cc87dbd283479e7b606f70aff57ec",
                "sha256:9a26f18905b8dd5d685d6d07b0cdf98a79f3c7a918906af7cc143ea2e164c8bc",
                "sha256:9b35f4c90079ff2e2edc5b26c0c77925e5d2d255c42c74fdb70fb49b172726ac",
                "sha256:9cd98cdc06614a2f768d2b7286d66805f94c48cde050acdbbb7db2600ab3197e",
                "sha256:9d1bb833febdff5c8927f922386db610b49db6e0d4f4ee29601d71e7c2694313",
                "sha256:9f7fcd74d410a36883701fafa2482a6af2ff5ba96b9a620e9e0721e28ead5569",
                "sha256:a59cb51917aa591b1c4e6a43c132f0cdc3c76dbad6155df4e28ee626cc77a0a3",
                "sha256:a61900df84c667873b292c3de315a786dd8dac506704dea57bc957bd31e22c7d",
                "sha256:a79cfe37875f822425b89a82333404539ae63dbdddf97f84dcbc3d339aae9525",
                "sha256:a8a8b89589086a25749f471e6a900d3f662d1d3b6e2e59dcecf787b1cc3a1894",
                "sha256:a8bf8d0f749c5757af2142fe7903a9df1d2e8aa3841559b2bad34b08d0e2bcf3",
                "sha256:a9768c477b9d7bd54bc0c86dbaebdec6f03306675526c9927c0e8a04e8f94af9",
                "sha256:ac1c4a689edcc530fc9d9aa11f5774b9e2f33f9a0c6a57864e90908f5208d30a",
                "sha256:af2d8c67d8e573d6de5bc30cdb27e9b95e49115cd9baad5ddbd1a6207aaa82a9",
                "sha256:b435cba5f4f750aa6c0a0d92c541fb79f69a387c91e61f1795227e4ed9cece14",
                "sha256:b5b290ccc2a263e8d185130284f8501e3e36c5e02750fc6b6bdeb2e9e96f1e25",
                "sha256:b5d84d37db046c5ca74ee7bb47dd6cbc13f80665fdde3e8040bdd3fb015ecb50",
                "sha256:b7cf1017d601aa35e6bb650b6ad28652c9cd78ee6caff19f3c28d03e1c80acbf",
                "sha256:bc7637e2f80d8530ee4a78e878bce464f70087ce73cf7c1caf142416923b98f1",
                "sha256:c0463276121fdee9c49b98908b3a89c39be45d86d1dbaa22957e38f6321d4ce3",
                "sha256:c4ef880e27901b6cc782f1b95f82da9313c0eb95c3af699103088fa0ac3ce9ac",
                "sha256:c8ae8a0f02f57a6e61203a31428fa1d677cbe50c93622b4149d5c0f319c1d19e",
                "sha256:ca5862d5b3928c4940729dacc329aa9102900382fea192fc5e52eb69d6093815",
                "sha256:cb01158d8b88ee68f15949894ccc6712278243d95f344770fa7593fa2d94410c",
                "sha256:cb6254dc36b47a990e59e1068afacdcd02958bdcce30bb50cc1700a8b9d624a6",
                "sha256:cc00f04ed596e9dc0da42ed17ac5e596c6ccba999ba6bd92b0e0aef2f170f2d6",
                "sha256:cd09d08005f958f370f539f186d10aec3377d55b9eeb0d796025d4886119d76e",
                "sha256:cd4b7ca9984e5e7985c12bc60a6f173f3c958eae74f3ef6624bb6b26e2abbae4",
                "sha256:ce8a0633f41a967713a59c4139d29110c07e826d131a316b50ce11b1d79b4f84",
                "sha256:cead0978fc57397645f12578bfd2d5ea9138ea0fac82b2f63f7f7c6877986a69",
                "sha256:d055ec1e26e441f6187acf818b73564e6e6282709e9bcb5b63f5b23068356a15",
                "sha256:d1f13550535ad8cff21b8d757a3257963e951d96e20ec82ab44bc64aeb62a191",
                "sha256:d9c7f57c3d666a53421049053eaacdd14bbd0a528e2186fcb2e672effd053bb0",
                "sha256:d9e45d7faa48ee908174d8fe84854479ef838fc6a705c9315372eacbc2f02897",
                "sha256:da3326d9e65ef63a817ecbcc0df6e94463713b754fe293eaa03da99befb9a5bd",
                "sha256:de00632ca48df9daf77a2c65a484531649261ec9f25489917f09e455cb09ddb2",
                "sha256:e1f185f86a6f3403aa2420e815904c67b2f9ebc443f045edd0de921108345794",
                "sha256:e824f1492727fa856dd6eda4f7cee25f8518a12f3c4a56a74e8095695089cf6d",
                "sha256:e912091979546adf63357d7e2ccff9b44f026c075aeaf25a52d0e95ad2281074",
                "sha256:eaabd426fe94daf8fd157c32e571c85cb12e66692f15516a83a03264b08d06c3",
                "sha256:ebf3e58c7ec8a8bed6d66a75d7fb37b55e5015b03ceae72a8e7c74495551e224",
                "sha256:ecaae4149d99b1c9e7b88bb03e3221956f68fd6d50be2ef061b2381b61d20838",
                "sha256:eecbc200c7fd5ddb9a7f16c7decb07b566c29fa2161a16cf67b8d068bd21690a",
                "sha256:f155a433c2ec037d4e8df17d18922c3a0d9b3232a396690f17175d2946f0218d",
                "sha256:f1e34719c6ed0b92f418c7c780480b26b5d9c50349e9a9af7d76bf757530350d",
                "sha256:f34be2938726fc13801220747472850852fe6b1ea75869a048d6f896838c896f",
                "sha256:f820802628d2694cb7e56db99213f930856014862f3fd943d290ea8438d07ca8",
                "sha256:f8bf04158c6b607d747e93949aa60618b61312fe647a6369f88ce2ff16043490",
                "sha256:f8e160feb2aed042cd657a72acc0b481212ed28b1b9a95c0cee1621b524e1966",
                "sha256:f9d332f8c2a2fcbffe1378594431458ddbef721c1769d78e2cbc06280d8155f9",
                "sha256:fa09f53c465e532f4d3db095e0c55b615f010ad81803d383195b6b5ca6cbf5f3",
                "sha256:faa3a41b2b66b6e50f84ae4a68c64fcd0c44355741c6374813a800cd6695db9e",
                "sha256:fd44c878ea55ba351104cb93cc85e74916eb8fa440ca7903e57575e97394f608"
            ],
            "markers": "python_version >= '3.7'",
            "version": "==3.4.4"
        },
        "colorlog": {
            "hashes": [
                "sha256:5906e71acd67cb07a71e779c47c4bcb45fb8c2993eebe9e5adcd6a6f1b283eff",
                "sha256:bfba54a1b93b94f54e1f4fe48395725a3d92fd2a4af702f6bd70946bdc0c6ac2"
            ],
            "index": "pypi",
            "markers": "python_version >= '3.6'",
            "version": "==6.9.0"
        },
        "grafana-client": {
            "hashes": [
                "sha256:2477a47b923fd0637947e620b0b777c641af18a3025464fa4505783dbf05dfcc",
                "sha256:8cb61bb2a87ec07bca10974df276b9a1a95bfdb63f3a696f065692ffc9b8c389"
            ],
            "index": "pypi",
            "markers": "python_version >= '3.7'",
            "version": "==4.3.2"
        },
        "h11": {
            "hashes": [
                "sha256:4e35b956cf45792e4caa5885e69fba00bdbc6ffafbfa020300e549b208ee5ff1",
                "sha256:63cf8bbe7522de3bf65932fda1d9c2772064ffb3dae62d55932da54b31cb6c86"
            ],
            "markers": "python_version >= '3.8'",
            "version": "==0.16.0"
        },
        "idna": {
            "hashes": [
                "sha256:771a87f49d9defaf64091e6e6fe9c18d4833f140bd19464795bc32d966ca37ea",
                "sha256:795dafcc9c04ed0c1fb032c2aa73654d8e8c5023a7df64a53f39190ada629902"
            ],
            "markers": "python_version >= '3.8'",
            "version": "==3.11"
        },
        "jh2": {
            "hashes": [
                "sha256:0075415d2a2dfdf3a8ddeaa51cf8d92fb3d7c90fa09cb9752c79ee54e960b9a8",
                "sha256:028227ec9e44fb62e073b71ca391cb1f932c5c7da3981ccafff852df81d2b7f9",
                "sha256:072d10b46445a4017b3fa4599b13b32f309da39b7bb7f5857e38cced285744d0",
                "sha256:07d4aa1750f11e790fcf51c989d12a84022e484eea030e63d512c40a6489ac3a",
                "sha256:0fa031e2aba9bd4cf6e1c0514764781b907557484cf163f02f1ad65a5932faf2",
                "sha256:108143494bba0b1bf5f8cd205f9c659667235e788d3e3f0f454ad8e52f2c8056",
                "sha256:13076e3733d6e79b5901f365ad1a5a9f8a3d00df964f6243d0aba01cb8aca702",
                "sha256:15c2f1a28412a5d09a591f5d16dc61ce73652273a65138e422f7b73d0fec66f2",
                "sha256:15f04f32e8877f10db811f8f11fa0e07dc20e9672a4d1677c98e15e0ef26ccae",
                "sha256:160f7c0d38a27cea7fcab25e3714a601f7548b01fc07b7c9376534a2a4bc6537",
                "sha256:1808c0e5d355c60485bb282b34c6aa3f15069b2634eb44779fb9f3bda0256ac0",
                "sha256:1ffeb6a352ce6c89d77bd185972185f20e3c35b3be4d0253963b6d8b6444c4aa",
                "sha256:206e4a92c687f6928b3846d7666ebf2602c16556feb154f16f1d399219046f5d",
                "sha256:210ef1f9760487b620c7925640381d66553876711876f9f57e148a0e0013e942",
                "sha256:217af8256551627b9253737a866c05ce5f6c49f171c099260b76915239cfb13a",
                "sha256:271720035a1293031c807e24a27235a2426c51de8755db872eb1adad310213cd",
                "sha256:28c0b7cda4b50692e2f259382fc2a374cd9118a96f8d369ef04fe088124f84fc",
                "sha256:2bfa77969b5a238726514c58cd3b91fa084ddfd8f28a12e0511713c842279290",
                "sha256:2c2ed55a32735b91a0683c7b995433e39325fdf42c6ffc8e87d56606ac6235bb",
                "sha256:2c737a47bee50dc727f7a766185e110befdceba5efb1c4fa240b1e4399291487",
                "sha256:2e8d3803e2cb2caca82e68eafd16db9d239888cbed7fd79ffa209898cfa89eda",
                "sha256:33e4ac058acf8f3f89ea1375deb33ac61713d60fb9e3333bd079f3602425739c",
                "sha256:36e9b5fb9cd8872846d031fae442df1b5c83f4dd29ef1dd1c3f70afd86fe8fc3",
                "sha256:3907f6eb004d874164df337a3c60d6aa86128799f421eddf4e390322bc197d2a",
                "sha256:3d9bf0eb30d40f5a82c816c52c6007b0acd317d418ee8e1d8d32b7d2d5314519",
                "sha256:3fb4fd3bb4d8228b45121850ecd1bcdf77c7b0344274d453e41d9eebef2aad98",
                "sha256:3fd6b5b2d4d38e089ac982ea341b36f2cb827c0765217e6b8f3e58a409290e6f",
                "sha256:419dbbbd63dd9b801f392d9f1ddbfca9deb173236acb3a2eb608dce9ec25dd52",
                "sha256:43aa6e45393001e0aa59d9ee6eff12d315af99bb7404ad19c60a09ead7ac1f17",
                "sha256:47019664b2c7f58c8241d056c48f669d19817a508f6749f1c5c851c4b4229601",
                "sha256:48eef636741b864b87292a701c39a3206ff421eeb9d4bcc1ec43ec0f6672d430",
                "sha256:4b9d6c16b466f0dce3b9c9bcab743ca1c1e36443d0db450c353652210a89a946",
                "sha256:4bbefb69efaa365f3193d0db096d34e9e0da5885b0bb1341ab7593852e811f69",
                "sha256:4bcfb10a568d112ab80f4650505e6e0df6e10df5337e376e36dce4f4b5043708",
                "sha256:4c3d38121a1ddc2ffc769f09aaaa4c7e67f89e25c578921326b515402176e7cf",
                "sha256:576037676654def515aab8926da7f2ca069d6356bb55fde1a8f2e6f4c4f291c6",
                "sha256:576ff6cc4a6324984e24ee8736a6ba8c9de01bdd09a5b2198f47d541f5d0ce4e",
                "sha256:578394d8a9409d540b45138cbecb9d611830ccce6c7f81157c96f2d8d54abd5a",
                "sha256:57ebb51149e5df88b0a897a1e5ab7d118010eee10042b7c9a199b0825eb74ab8",
                "sha256:5a6885a315bdd24d822873d5e581eac90ab25589fb48d34f822352710139439a",
                "sha256:5cf37b56053b233be1dae21378e6a83d294aab12c1c01a309b8787db6261a166",
                "sha256:5d664450ab1435f6a78c64e076c7ea22ffe779bafceb9c42600cce95ff20f927",
                "sha256:6124124ea77ba77b22cb1f66554eddd61b14a2ce0bb2bc2032d91c3a2b9cbfed",
                "sha256:62f0842b5f8da463b6a548a8c2a7e69fa709888d03c997486390097341e88e09",
                "sha256:6ea77b8b6b7defb67cbec69340e653495b36881671e9f0ac395cdd6b27144000",
                "sha256:701a7daaf9860acaa924cc02f2d601fd882c68bcef6ba51c484debd8a02be3d6",
                "sha256:703435735f11e2f0f084993c9d615c1f4ec0e2d837a9171bb85fdd123c1bd073",
                "sha256:70fee86a017e55df64f6e16e5b88a6aebe97b7361a9df0cd315101fba3ef0b0f",
                "sha256:73d06462ca9434e857812c1c0aa68089e3ecd779460fdbaaf7e08870b7316ea3",
                "sha256:7438ee9dad35c3a8e2631aff38f981bc727f2f04978473434989d0bda9ceca64",
                "sha256:75581b5acbcc344e070f811938919165999bf7221406845306e0ab860605cdbf",
                "sha256:7807ade662d56dcf5d67d92940d97a4d277be90735e085ce4719f0242c1af82b",
                "sha256:79c79cb3ff62ab3c9d4c9d9b1d90860c0fd822e5c9cb865da8745ebeb999b19c",
                "sha256:7b28fc12106654573881f19b1a78e41cf37657ae76efa84e7da518faced56f0f",
                "sha256:7b79771bd366a11a36041f49cabc7876047cf1b99cee89df1333e6890f66d973",
                "sha256:7c0917edb7cfb7590029e164e2e2cc80f5649bfe015866e1134314ef172d013b",
                "sha256:7c2918379cce3352b6d40717ed3d5b06da6e6c17253317302cab2f0dbff62a5d",
                "sha256:7c7fa4c48eeb72d6fd0b4c52982454c6adbb5b9058b391f12597edc3dd9d612e",
                "sha256:85631d5b4d0e1eb9f9daacc43e6394efd8c65eb39c7a7e8458f0c3894108003c",
                "sha256:86571f18274d7a5a7e6406e156a9f27fa1a72203a176921ea234c4a11fe0e105",
                "sha256:86674770831ebb3af021b96b2b100f82f08c5f750af4f608e203e53299be9fa7",
                "sha256:8c8f3247a903490457909e55729b5c3ee7988e81fe59a5d098c74873227f7940",
                "sha256:969737c56f4d86788c9f2b0b3bacd2c2f3f053089ce8c72c134b4874b963fcc3",
                "sha256:9752ea045ab3da4544104201a800d3f7ce7c63b529db5a9715c587cbfedca9b7",
                "sha256:976134b61b7fdf290a7cc70e7676c2605af84dd83e2a1e78c170928a0119278b",
                "sha256:9bf61215aa09bda4ac20e726f6dce701991fa81f043de7355899efd363444534",
                "sha256:9c19aee609d8c957c0484b79a357f12421c35ae6eca88c540b75e1c6b1d23d20",
                "sha256:9c409cc630faf7c06b8da5391043409a5f7758cdcd5de520999855d2df6d59d7",
                "sha256:9c730e3f40f22bd4ff0ab63ee41d70ee22aa1cc54e5cb295ae0ac3b0a016af3e",
                "sha256:a0a49b001776e40fd1d615f868f4cdb6f773040c865ef114a558762624810fb7",
                "sha256:a10631f3ca1e87e4d096225fa931462a4ac6ba7acf5c794c16b4bbfe04a55431",
                "sha256:a4b07d8a1e2d7e590032557363bba7c483fee6551a7dcf0a7808c49c67fd36ac",
                "sha256:a73a163cb3edc08b862f2f9db0bb5a83f730d2d51226aa0414e46ce882fa3dc3",
                "sha256:a8404e17a3d90c215e67be8a5ccb679eb9cf9bfeeec732521487b65ffaeac4a6",
                "sha256:a9aec4760a6545a654f503d709456c1d8afb63b0ee876a1e11090b75f2fd7488",
                "sha256:aae0990ef5f96658986c92cc02147af0e47c63221db4157a930023284f5f2fea",
                "sha256:ad6d18301f2162996d679be6759c6a120325b58a196231220b7a809e034280ed",
                "sha256:ae3e241f786c1e8eb3a15c801577fbf73adb508fa6b8b2be9032b9d18df80e4f",
                "sha256:b02a45bb91e512434692d3d1875f741504ccdff5a357c6b1cba60ca9e2f7b554",
                "sha256:b0f0bac7286af3ba0556c5865322cdbfbbf77f43aa313be721523618d6d82216",
                "sha256:b11c5e9fc241c95f256c44ec42d6c996b14983828e1a9a35d7a5fc92df5755ba",
                "sha256:b28c70b440f32bb8f14c3adaa11c094ea109fc1d2540434a8fc6e08cf4cf1aef",
                "sha256:b638945ce00bf3136333b74477ae49d79f5bee4c19c2e2cfa184e1e59efd8b9a",
                "sha256:bba536afdab619299f30473de68144714bf8fc82dc452b77333cf66a7ab78c77",
                "sha256:bd229bbe7dfdf499394fa8453c92e2ea19de47c80afc1efaec7f85704be97717",
                "sha256:be98c17f5a2a9c0b11393c7c208f47a599664311d18aac135841d1674b15c209",
                "sha256:c16af652777ce4edc0627d037ac5195b921665b2e13e3547782116ce5a62cd5a",
                "sha256:c5fd951c4b34276e02f68b87c38d9d7c342cfe9b9ff63207e15ee24578aa32cd",
                "sha256:c7e9c47f64166e9da15b5ff9a35b9688df0ddada844712add7fc377baaaf6869",
                "sha256:c816cfe85ae5d4fb26efc2713aedf9dfe1bb826544fe76cfd35ce7a60e099e8f",
                "sha256:d10a08e464d8768dc4335401bf736cac0d54dfd92bd5250a97b1775166f3ce96",
                "sha256:d18eccec757374afca8de31bf012a888fb82903d5803e84f2e6f0b707478ced6",
                "sha256:d752f99644c2d34a27863bdb8ac79f39938f83331f2f31d5e9c19bbf58a84ca2",
                "sha256:db95f18b629f5dc914cf962725b7dfcb9673c4bb06e50d654426615c3d8d88d2",
                "sha256:df79bdf69d33ec0093c63abb633a6cbdb4b905a5ea3dda2514c4adf7e5713d20",
                "sha256:e0190daf5b65fbf52641ba761d1b895b74abcdb671ca1fb6cd138dd49050cfa8",
                "sha256:e0b4c9d826aa6325cb97172483caf89df3d45cc72af449f5e2644d17889a0f64",
                "sha256:e15ac3c98258a89cb6f7533b052d393e6bff64691e11af9a06c68b271b512873",
                "sha256:e1f116a796e7d867e8cd9a5d5257e4522fa3f4056676d89fc1ae11d5df26f477",
                "sha256:e20e3d747c4022d890865fb25f2e8b3ff6cbacf7556f29155dcfbff592d96202",
                "sha256:e340215fa14b914096aa2e0960798603939f6bc85e9467057121c3aae4eadda1",
                "sha256:e5d6c72aa833abb709ac0df17404ae3a78b200dc1ae1aa980e86844c29c85b4e",
                "sha256:e99c20d5195447c43cd125145f52cc48fb6ad823081ec2960261bf56b14c71b5",
                "sha256:ea44cb6a54a476f3a530ad2888e5d513acf8d011849b7e81ad2fdb409ef052c9",
                "sha256:eaca7694bc97a8de53c83bd27670c6de55429f5762971b36e0ae7870ac822664",
                "sha256:edd74d87825127a434a999a736824ed865a5de412ea79278609e9ccbea4ee359",
                "sha256:ee5d703b3575105cb38af7b02aec947f96d821a05fbc744df688dddf6d268ca5",
                "sha256:f082f417c0219a355e209dbfde71a9a57d3c9a6e67bec91a1128cc0e25999e75",
                "sha256:f3b6401f089a65b87f2e5beffe81666a1c2ab1d90e8406cd49c756d66881bedc",
                "sha256:fa7f8d92802bab794237ce427db77bddeddbec4b0884a66e2c4c17b821027dbf",
                "sha256:fca31a36827205c76c959be94e8bad7aaa1be06ea8ed904b20b5d96a7829ce45",
                "sha256:fedbc11530954314c428be9882c1f8358ef5836d1fa4ac4b72e1aab30f0adeb2"
            ],
            "markers": "python_version >= '3.7'",
            "version": "==5.0.10"
        },
        "markdown-it-py": {
            "hashes": [
                "sha256:87327c59b172c5011896038353a81343b6754500a08cd7a4973bb48c6d578147",
                "sha256:cb0a2b4aa34f932c007117b194e945bd74e0ec24133ceb5bac59009cda1cb9f3"
            ],
            "markers": "python_version >= '3.10'",
            "version": "==4.0.0"
        },
        "mdurl": {
            "hashes": [
                "sha256:84008a41e51615a49fc9966191ff91509e3c40b939176e643fd50a5c2196b8f8",
                "sha256:bb413d29f5eea38f31dd4754dd7377d4465116fb207585f97bf925588687c1ba"
            ],
            "markers": "python_version >= '3.7'",
            "version": "==0.1.2"
        },
        "niquests": {
            "hashes": [
                "sha256:1f4f337a973215c76f6f6471504fedab9dc6187203284146081e1bd3d2a311fc",
                "sha256:3930d94fce367385950dd545f913e7cfc6457feda76aecafeb324aae45da9fe1"
            ],
            "markers": "python_version >= '3.7'",
            "version": "==3.17.0"
        },
        "pygments": {
            "hashes": [
                "sha256:636cb2477cec7f8952536970bc533bc43743542f70392ae026374600add5b887",
                "sha256:86540386c03d588bb81d44bc3928634ff26449851e99741617ecb9037ee5ec0b"
            ],
            "markers": "python_version >= '3.8'",
            "version": "==2.19.2"
        },
        "pyyaml": {
            "hashes": [
                "sha256:00c4bdeba853cc34e7dd471f16b4114f4162dc03e6b7afcc2128711f0eca823c",
                "sha256:0150219816b6a1fa26fb4699fb7daa9caf09eb1999f3b70fb6e786805e80375a",
                "sha256:02893d100e99e03eda1c8fd5c441d8c60103fd175728e23e431db1b589cf5ab3",
                "sha256:02ea2dfa234451bbb8772601d7b8e426c2bfa197136796224e50e35a78777956",
                "sha256:0f29edc409a6392443abf94b9cf89ce99889a1dd5376d94316ae5145dfedd5d6",
                "sha256:10892704fc220243f5305762e276552a0395f7beb4dbf9b14ec8fd43b57f126c",
                "sha256:16249ee61e95f858e83976573de0f5b2893b3677ba71c9dd36b9cf8be9ac6d65",
                "sha256:1d37d57ad971609cf3c53ba6a7e365e40660e3be0e5175fa9f2365a379d6095a",
                "sha256:1ebe39cb5fc479422b83de611d14e2c0d3bb2a18bbcb01f229ab3cfbd8fee7a0",
                "sha256:214ed4befebe12df36bcc8bc2b64b396ca31be9304b8f59e25c11cf94a4c033b",
                "sha256:2283a07e2c21a2aa78d9c4442724ec1eb15f5e42a723b99cb3d822d48f5f7ad1",
                "sha256:22ba7cfcad58ef3ecddc7ed1db3409af68d023b7f940da23c6c2a1890976eda6",
                "sha256:27c0abcb4a5dac13684a37f76e701e054692a9b2d3064b70f5e4eb54810553d7",
                "sha256:28c8d926f98f432f88adc23edf2e6d4921ac26fb084b028c733d01868d19007e",
                "sha256:2e71d11abed7344e42a8849600193d15b6def118602c4c176f748e4583246007",
                "sha256:34d5fcd24b8445fadc33f9cf348c1047101756fd760b4dacb5c3e99755703310",
                "sha256:37503bfbfc9d2c40b344d06b2199cf0e96e97957ab1c1b546fd4f87e53e5d3e4",
                "sha256:3c5677e12444c15717b902a5798264fa7909e41153cdf9ef7ad571b704a63dd9",
                "sha256:3ff07ec89bae51176c0549bc4c63aa6202991da2d9a6129d7aef7f1407d3f295",
                "sha256:41715c910c881bc081f1e8872880d3c650acf13dfa8214bad49ed4cede7c34ea",
                "sha256:418cf3f2111bc80e0933b2cd8cd04f286338bb88bdc7bc8e6dd775ebde60b5e0",
                "sha256:44edc647873928551a01e7a563d7452ccdebee747728c1080d881d68af7b997e",
                "sha256:4a2e8cebe2ff6ab7d1050ecd59c25d4c8bd7e6f400f5f82b96557ac0abafd0ac",
                "sha256:4ad1906908f2f5ae4e5a8ddfce73c320c2a1429ec52eafd27138b7f1cbe341c9",
                "sha256:501a031947e3a9025ed4405a168e6ef5ae3126c59f90ce0cd6f2bfc477be31b7",
                "sha256:5190d403f121660ce8d1d2c1bb2ef1bd05b5f68533fc5c2ea899bd15f4399b35",
                "sha256:5498cd1645aa724a7c71c8f378eb29ebe23da2fc0d7a08071d89469bf1d2defb",
                "sha256:5cf4e27da7e3fbed4d6c3d8e797387aaad68102272f8f9752883bc32d61cb87b",
                "sha256:5e0b74767e5f8c593e8c9b5912019159ed0533c70051e9cce3e8b6aa699fcd69",
                "sha256:5ed875a24292240029e4483f9d4a4b8a1ae08843b9c54f43fcc11e404532a8a5",
                "sha256:5fcd34e47f6e0b794d17de1b4ff496c00986e1c83f7ab2fb8fcfe9616ff7477b",
                "sha256:5fdec68f91a0c6739b380c83b951e2c72ac0197ace422360e6d5a959d8d97b2c",
                "sha256:6344df0d5755a2c9a276d4473ae6b90647e216ab4757f8426893b5dd2ac3f369",
                "sha256:64386e5e707d03a7e172c0701abfb7e10f0fb753ee1d773128192742712a98fd",
                "sha256:652cb6edd41e718550aad172851962662ff2681490a8a711af6a4d288dd96824",
                "sha256:66291b10affd76d76f54fad28e22e51719ef9ba22b29e1d7d03d6777a9174198",
                "sha256:66e1674c3ef6f541c35191caae2d429b967b99e02040f5ba928632d9a7f0f065",
                "sha256:6adc77889b628398debc7b65c073bcb99c4a0237b248cacaf3fe8a557563ef6c",
                "sha256:79005a0d97d5ddabfeeea4cf676af11e647e41d81c9a7722a193022accdb6b7c",
                "sha256:7c6610def4f163542a622a73fb39f534f8c101d690126992300bf3207eab9764",
                "sha256:7f047e29dcae44602496db43be01ad42fc6f1cc0d8cd6c83d342306c32270196",
                "sha256:8098f252adfa6c80ab48096053f512f2321f0b998f98150cea9bd23d83e1467b",
                "sha256:850774a7879607d3a6f50d36d04f00ee69e7fc816450e5f7e58d7f17f1ae5c00",
                "sha256:8d1fab6bb153a416f9aeb4b8763bc0f22a5586065f86f7664fc23339fc1c1fac",
                "sha256:8da9669d359f02c0b91ccc01cac4a67f16afec0dac22c2ad09f46bee0697eba8",
                "sha256:8dc52c23056b9ddd46818a57b78404882310fb473d63f17b07d5c40421e47f8e",
                "sha256:9149cad251584d5fb4981be1ecde53a1ca46c891a79788c0df828d2f166bda28",
                "sha256:93dda82c9c22deb0a405ea4dc5f2d0cda384168e466364dec6255b293923b2f3",
                "sha256:96b533f0e99f6579b3d4d4995707cf36df9100d67e0c8303a0c55b27b5f99bc5",
                "sha256:9c57bb8c96f6d1808c030b1687b9b5fb476abaa47f0db9c0101f5e9f394e97f4",
                "sha256:9c7708761fccb9397fe64bbc0395abcae8c4bf7b0eac081e12b809bf47700d0b",
                "sha256:9f3bfb4965eb874431221a3ff3fdcddc7e74e3b07799e0e84ca4a0f867d449bf",
                "sha256:a33284e20b78bd4a18c8c2282d549d10bc8408a2a7ff57653c0cf0b9be0afce5",
                "sha256:a80cb027f6b349846a3bf6d73b5e95e782175e52f22108cfa17876aaeff93702",
                "sha256:b30236e45cf30d2b8e7b3e85881719e98507abed1011bf463a8fa23e9c3e98a8",
                "sha256:b3bc83488de33889877a0f2543ade9f70c67d66d9ebb4ac959502e12de895788",
                "sha256:b865addae83924361678b652338317d1bd7e79b1f4596f96b96c77a5a34b34da",
                "sha256:b8bb0864c5a28024fac8a632c443c87c5aa6f215c0b126c449ae1a150412f31d",
                "sha256:ba1cc08a7ccde2d2ec775841541641e4548226580ab850948cbfda66a1befcdc",
                "sha256:bdb2c67c6c1390b63c6ff89f210c8fd09d9a1217a465701eac7316313c915e4c",
                "sha256:c1ff362665ae507275af2853520967820d9124984e0f7466736aea23d8611fba",
                "sha256:c2514fceb77bc5e7a2f7adfaa1feb2fb311607c9cb518dbc378688ec73d8292f",
                "sha256:c3355370a2c156cffb25e876646f149d5d68f5e0a3ce86a5084dd0b64a994917",
                "sha256:c458b6d084f9b935061bc36216e8a69a7e293a2f1e68bf956dcd9e6cbcd143f5",
                "sha256:d0eae10f8159e8fdad514efdc92d74fd8d682c933a6dd088030f3834bc8e6b26",
                "sha256:d76623373421df22fb4cf8817020cbb7ef15c725b9d5e45f17e189bfc384190f",
                "sha256:ebc55a14a21cb14062aa4162f906cd962b28e2e9ea38f9b4391244cd8de4ae0b",
                "sha256:eda16858a3cab07b80edaf74336ece1f986ba330fdb8ee0d6c0d68fe82bc96be",
                "sha256:ee2922902c45ae8ccada2c5b501ab86c36525b883eff4255313a253a3160861c",
                "sha256:efd7b85f94a6f21e4932043973a7ba2613b059c4a000551892ac9f1d11f5baf3",
                "sha256:f7057c9a337546edc7973c0d3ba84ddcdf0daa14533c2065749c9075001090e6",
                "sha256:fa160448684b4e94d80416c0fa4aac48967a969efe22931448d853ada8baf926",
                "sha256:fc09d0aa354569bc501d4e787133afc08552722d3ab34836a80547331bb5d4a0"
            ],
            "index": "pypi",
            "markers": "python_version >= '3.8'",
            "version": "==6.0.3"
        },
        "qh3": {
            "hashes": [
                "sha256:027bc51bf5894a7847c29375bd7ae0fbef6ed75d20085b78afd7fb8870b78597",
                "sha256:03e8fe16f62a252f05a51f6bfe3dc8e6563cd18d6328fc194da1647632f89f8d",
                "sha256:0869eae4f51c0dcc57240127cdec6ad24a27df77355c4578dd8c6c62fd4d485e",
                "sha256:0875508e4b2b2ddc1c7a238eb999865ba8b0b4c0a0b9c9ce19a71f0c5d3c32b7",
                "sha256:08b87bd76d06d225dca95882cac916faf2b178faca3c2d9d1da552174c19be4f",
                "sha256:0a4746e731feebffed22d0acfa4646c32693d63eb69caa61fccfd3df49987a6c",
                "sha256:0b13f814acaea9568efa81c91f99a6e707815c2128cb145572f7053f2648f77d",
                "sha256:0f920edc3c40ca45bc47b335c3d4ba8ac5459000a7632869c598685bcf707532",
                "sha256:11bcca3ffd03e6914f626bbe0f4392b89190ff4fd33a5bdc26b5b1fddae9ab9e",
                "sha256:165c97785eae9c8e7edf3fda346a99035f524f65e3ae6542b9900f8935611b86",
                "sha256:16e7bf4ea651a50ed865ee350d2ed675aaed584d1d930f349f61d92847c7d9fe",
                "sha256:1842aa5440b8c94a392202aa19e3593a597fe1e808950de00602bf7d46f6f8a3",
                "sha256:18f4ff0a2963fda5a832d1b373ac30c39f08bf19b30e9c9cb1cf6733f54fba31",
                "sha256:1ae11d79018b31443e38432df9698424a569152f82e1809946fc5bdcce802bc9",
                "sha256:1ba955e6483daa76628f93bd3391e2c685e47692296aa504581e39eedb2aa544",
                "sha256:20686c57eb45087e644cd749cdd372e082af4845249eb946ffab9c4c3fb5b364",
                "sha256:2162f7b9a4668d199e77019de46060305ae41cc850f37ffe8b64d7dd576424c7",
                "sha256:23443c84e71ac3621c948b416e9c722e8f23ecda0b46a27c4e8a8b64ae4746cd",
                "sha256:28223ee2672a94103142a254e9466878e8d91b5250d2144dcf9e51a71059d9b7",
                "sha256:28b03fe0c7d8989c429426e0744d4eea1ffd976a8fe4e63a0164c2b56e8d4976",
                "sha256:2a682e3896345cc763ffb96652e31c27f769a17c9ddb5c5d241220a0923d33b2",
                "sha256:2ac1dddbcd11d1afc785002a2d0f906bd24ff0b9a18d9f544327bd07a9da877d",
                "sha256:2b8fd3df8ccf8e10d8e11648f47dacf3bd763be1ac1734972d18565acb2b6a6d",
                "sha256:2deaf5875467d0ca4d3d2f7b646976fcd8224fc7bf396105fb642805d052c76f",
                "sha256:2e66257ee6b1acd449ed9e0290fa500800a25720a3bd12d5d37bd6e815d05ee1",
                "sha256:2f6dd167e6458566825b371a27731092b15a0a527b32e831d21cd4ecb190566a",
                "sha256:38d85f022bfb830176f937af4bb0e16910221fe8ee77c2b5e084c626db57c7f6",
                "sha256:3927f4bca686e9ff03eaf6ef97af7682ed8206f345452febfdc76e82e65fc588",
                "sha256:3b64fd616d20028ed06450cf0a6743b739bc46500990003f9dfac7080b83466b",
                "sha256:3bba63232a9a2c6b4abc066bbef6084d4d6440a241ea19675bf33e7db30c56bd",
                "sha256:3ca0751772272e9d65201ca7f84fcf82a00d8599e2adfe3c62aa0249d3bb5602",
                "sha256:414ad77504a78c521d71ddb8a6d0a1230528ab64184a098424d2ec45c1b570ec",
                "sha256:45cac468ac7216c37fb552057f6ef685a2e0d85cdf25dc4adb824331d5e144dc",
                "sha256:48a386a3a686702b4b16d7f2035f2dfeb2e313cc0365d3503a5339c05e7fb968",
                "sha256:49fbb1154566cae7f1059ee0008048f70973a32606efa11e5e3ea527c2ecbeeb",
                "sha256:4e7fae38ff11f31ff58b7c73a8ffa195738b7593ad0780abbecb3fc73393f6bb",
                "sha256:517a7ac0ed496065b37653e3916fc8e5c7011954f5afb4bc0cf9fe81384e86df",
                "sha256:52eb82426e067d09c9821ac8ed1a19a009141f478a99d2744a6a8c5f28b3fed2",
                "sha256:53f3206be8531487c991572cc98823267a61d3f5e91186480e2395066a4247e5",
                "sha256:549a12678a2c41122d108ac4849b7a7321fa360d881768ec9a281f98be563ffe",
                "sha256:557c8f40626405eae8e20d311fb8ec2ff359e392fbdd0a2f30f38e806daa0a2b",
                "sha256:57a5c78fce81288e6c28a45db4e8320db2329e728ebdde9cd1787bbd57cec55f",
                "sha256:59b730559973a90005a43e43959697e4ba05e6aba255e3f228bfb41051207996",
                "sha256:5c3800a9350f7cc37549a6a9642d4a3b09f55312ba6f4fd54891584f083be195",
                "sha256:5c3994058c6428f76a4ad11ed5924420e2a317305b1ef249169643aa66583a40",
                "sha256:5c7fb081a07512dcace9a49179a40dc00ad1f77b2779ee4bb7ca176f96552f66",
                "sha256:5d7fd6a0060852b41373105e42112b32211bb21361093fa18d1572ceb46d0fc1",
                "sha256:5faf7e0332200d1a491dd1eb496467549afbef200dffdb2ebe9b4c3ed78998c9",
                "sha256:604640703241efff89823fef515dc473c522adf597439f344dfd76cf81841daa",
                "sha256:60e3977e29840febde46a8edbd16a3b1ad04524025744e7236a02a5d099a535d",
                "sha256:62c9d54ecafae018cb585345c5e1caa0a146c4c589694b0c4cb715c08010d0bb",
                "sha256:690bbf3075aa51999f61932da4ccee4f70645059a700da7025709867a39a0868",
                "sha256:692722cd545bcc6c8d6de3ac58ea875f7f43e2cb014be64e267511e8d16bafcd",
                "sha256:6987bedcdd8d5d156e21723c4d21575da4cdae31f8eb6b04b64796b68a43ad41",
                "sha256:69d556252f8403d02afef90c327ef446ba22fcb3d6ebee6c2fbd5e05da2b6723",
                "sha256:6b0994e89783246cf448550817c86380cbde1f65fc8835a489c0361f5ee68da7",
                "sha256:6e4060949f4b3b4bb3d3aedf0a274d6c40c35f3d856c0345b1ce4cb49847ca4b",
                "sha256:6ea0ec9e1adeb853a94223141bfc620ce71eed1661d0a6754ebbc8df12441979",
                "sha256:6febfda5cc9decfb6cf0df122b87370b3569b36a9035740756c9d75399f59c9c",
                "sha256:70d7ae5ed67531f5b71d86bccba114bb30174dbcea91385724762a7e4b368acb",
                "sha256:721bc54cce3d723af556d418827623b1a7cd34387e0f58123a48a313df17da1b",
                "sha256:74bf4430c23d5db4cbe4456bccb07307552b06c7c4479d2eb94c1bb414ee8359",
                "sha256:78acaebf9120ee739c892283c15c8a23145ae72c7403bb46c2deac4232504cad",
                "sha256:795581c480dfcf1849968d27975e7cc4bce25ba041f55773c1a1a6d159de3731",
                "sha256:84992d0810cc53b33f122cd411be87d36c942e104aa6252d10ee03e1a6d6fb4d",
                "sha256:85589a8ca89e2ada73c9cf9aa5ca1c4988bbaf8a26631a307fc759086aa9939b",
                "sha256:85fbee04e45e5cf1bb6ceffaf16fa48f6c6926a3e4a19061163c71a7c4ed0343",
                "sha256:8781b7af3fc53a5cb9af3496f520d3dde767d1186412ff6def29d98b365e5bb4",
                "sha256:8c5fddac5ffe54e5f3619d45904e74e37f4efe40a0b08281c2c7ee4f55e695f1",
                "sha256:8e700c83ee03ca5ba32d1b489ea432daf999a54be9652edede03103aecac89d6",
                "sha256:91ac8000102b88636854e9b096b5684e06b9c231707e4c9e9440fbe2a493042e",
                "sha256:91b523f9a7c4d083a831d89663d8aaf45128ad325f3049de4f48678d5e45b211",
                "sha256:93d08b80b30723bd98a862f66c469a8c49c00174d21031ef3094180c391f7ef7",
                "sha256:9804cf7329364c94075232ff0edaad86bc696c18a4ee6b46b4320b8716737b1a",
                "sha256:9aefafc1450391b6c0a0408788f3f25c6256d4d13382eabef3cee6a62201cd10",
                "sha256:a063725a6ce33a2db1db14b545560c11f02b414d562cbfdb36196287745d2169",
                "sha256:a997dc40ee7f79c96fb0ce8ae1c163d6cc4676b3a733fcf07c332cfd1a86eede",
                "sha256:a9a6c14b52126c5195c25435ff6bada6f82e999994996abc3d2311cd27c53d0f",
                "sha256:aa135f513d27de9911c83834cc9c1bd229c68b756635bc21860d60f3b0bb9cd3",
                "sha256:ac09aac6d097e5a00943a07df53da536c4396d7b5c2e0090603cb2de60d8a1be",
                "sha256:acb0c4cf0fe3ca3746d45f9ce7b060c25b76737fdee9d0984f0f21d44e91c396",
                "sha256:b260308f9befd65172392ac8cbc3dff030be5b2ccea0ec4b78bf67e8bd51cccd",
                "sha256:b323d965e10ba9d786c64021542d6e100a02fe626411fe165a10235b8a139990",
                "sha256:b3fa3c1a3759c9ac47f7fdc2322c2a3efcd820921296df85b6334aa144a36253",
                "sha256:bbdb7b6fc76f4af47769a03158ccb72d49a57a2e5ca445e6aa350e78b110fd31",
                "sha256:c182786d9239873a2080a8b8df2a2e697fd52027f520d8dcc5bdc39df506be9a",
                "sha256:c2778a335f0ef9a84c1a6e372c8477af3a44625a30edcaf5afbe72fa201f3764",
                "sha256:c321e981cca7c07058c46db543724d5b8db8af1ce000302c00378d18c3329b00",
                "sha256:c3bd73752ed61bffa08ac3f63c28a4b089d73ab2177d4686c4c3a37d5de62176",
                "sha256:c51c5ee3fbdf62719538b987b31da86ff2e514b62f19cb785edc7b75a96f5ad5",
                "sha256:c6634b3da0c5a7d72167a0b6c875c1a25054a58031c2a222bbcc5c3ce21d119d",
                "sha256:cff492672bd41eb0b0679926621592ee47853787ae64dd19020d2fc2f3952ca0",
                "sha256:d6810b5ac8cf758cb1e8784bb873a26390f68be49572df0feab3f4c13f3773ee",
                "sha256:d8872c65a13d8b24157c3676e0463c7282a617bf3f6b682bcf2f8ff008d8ec40",
                "sha256:d8fca5a10f334105609c34cf76d7e09f2967a9a4c09850369b9b8c854c72b3ba",
                "sha256:d958b47a780be5ccfd1544cc28268b7073edfee0c9a2cf27ca96b9d9fe71da2e",
                "sha256:d96c704562ab6f1333a8d65c04c08a7d5e72d81cdcccbcf6dc71e63d1a65b10f",
                "sha256:dd4f631036c4b8e30e033009afababdd04591b25da51a0308d8341b4c27d0f06",
                "sha256:deefa7d329df97fe4df7b5f2ce806378bb72c1b7b0329439dd8052e916679428",
                "sha256:e0f0de953c2e1783133e40eccaeebf5f1ba6f4139582f41525acf2607d3a2733",
                "sha256:e40abdfbaf5a8d02b638c3d3d818f6380f3ba5c75b071493ca402c63d361cf55",
                "sha256:e770b0ed58659a8aec1fe2a323eda188297b941387ef8a308805149ff48700ea",
                "sha256:e78425f99bd84697b99eff954d57ae58016adc6b69a05f726c1cdd623f87457f",
                "sha256:e9dcc8c2ca5b308c42d0e24bd9972e6394d782bac2939901552494e16ac39245",
                "sha256:ec1712db857ac84b4ec9b391b2e1f3ecc9b9dd140f6a0b9589159b884bd42f86",
                "sha256:ec1d69a3671066a4c06f05d00ed966540f4c7a73b062da15d19123a6aa723c3f",
                "sha256:ed981c862b5bf9de92d0f1c603b2083aa1b24aa2d72c39f8ad406d6329690a46",
                "sha256:ef85f2100f447381292647e385922fa9d1af32bb235a43f93ee5ac080285eaeb",
                "sha256:ef9bfaab22114f8fd36094246f774d8fc5bbc74421aebb742f392feaab04ecb3",
                "sha256:f1277b53ddbe6cca78637f149db1fa441d9b6221eae7b1f685656a65b6f0958d",
                "sha256:f5bae59549f11e6404451274ae7ca4a80558a01175596d032fd88066f89d103b",
                "sha256:fab06f15e985a3c55e7c3e0ee54c75701314c82106efcbb359ada3e930f42aaf"
            ],
            "markers": "python_version < '3.12' and (platform_python_implementation != 'CPython' or python_full_version > '3.7.10') and (platform_system == 'Darwin' or platform_system == 'Windows' or platform_system == 'Linux') and (platform_machine == 'x86_64' or platform_machine == 's390x' or platform_machine == 'armv7l' or platform_machine == 'ppc64le' or platform_machine == 'ppc64' or platform_machine == 'AMD64' or platform_machine == 'aarch64' or platform_machine == 'arm64' or platform_machine == 'ARM64' or platform_machine == 'x86' or platform_machine == 'i686' or platform_machine == 'riscv64' or platform_machine == 'riscv64gc') and (platform_python_implementation == 'CPython' or platform_python_implementation == 'PyPy')",
            "version": "==1.5.6"
        },
        "requests": {
            "hashes": [
                "sha256:55365417734eb18255590a9ff9eb97e9e1da868d4ccd6402399eaf68af20a760",
                "sha256:70761cfe03c773ceb22aa2f671b4757976145175cdfca038c02654d061d6dcc6"
            ],
            "index": "pypi",
            "markers": "python_version >= '3.8'",
            "version": "==2.32.3"
        },
        "rich": {
            "hashes": [
                "sha256:73ff50c7c0c1c77c8243079283f4edb376f0f6442433aecb8ce7e6d0b92d1fe4",
                "sha256:76bc51fe2e57d2b1be1f96c524b890b816e334ab4c1e45888799bfaab0021edd"
            ],
            "index": "pypi",
            "markers": "python_full_version >= '3.8.0'",
            "version": "==14.2.0"
        },
        "tenacity": {
            "hashes": [
                "sha256:1169d376c297e7de388d18b4481760d478b0e99a777cad3a9c86e556f4b697cb",
                "sha256:f77bf36710d8b73a50b2dd155c97b870017ad21afe6ab300326b0371b3b05138"
            ],
            "index": "pypi",
            "markers": "python_version >= '3.9'",
            "version": "==9.1.2"
        },
        "urllib3": {
            "hashes": [
                "sha256:1b62b6884944a57dbe321509ab94fd4d3b307075e0c2eae991ac71ee15ad38ed",
                "sha256:bf272323e553dfb2e87d9bfd225ca7b0f467b919d7bbd355436d3fd37cb0acd4"
            ],
            "markers": "python_version >= '3.9'",
            "version": "==2.6.3"
        },
        "urllib3-future": {
            "hashes": [
                "sha256:a8ca77c6a3c8c1172511f45ba4358d2a682474580f75b2d234b1e427c58c922f",
                "sha256:e88e2a835a4b75fd3dc4e9ccb3ba71e1000a8a98a43e0975e1d5be652beb2507"
            ],
            "markers": "python_version >= '3.7'",
            "version": "==2.15.901"
        },
        "verlib2": {
            "hashes": [
                "sha256:2862f19528db400d130253a2b71c7c3616ee14e1d54bf6833bc0929d2cddd141",
                "sha256:cf8e2be044b834a2670f2d4c20a93cfc674933c0070543a6f61d531439cca200"
            ],
            "markers": "python_version >= '3.6'",
            "version": "==0.3.1"
        },
        "wassima": {
            "hashes": [
                "sha256:45bbceb4032e642100b9eef3e2f83115ec5cbbc02c68355e5b2320986ba224ee",
                "sha256:7ed775e0df7f60a0814943167b195eea458b14d8dcc1b8d0fa5a8fc6a5029e20"
            ],
            "markers": "python_version >= '3.7'",
            "version": "==2.0.4"
        }
    },
    "develop": {}
}
