{
    "_meta": {
        "hash": {
            "sha256": "f3e3a990a8ddb67690c49c892335505e5ebb03f6193ce6ecdacad037645381b5"
        },
        "pipfile-spec": 6,
        "requires": {
            "python_version": "3.10"
        },
        "sources": [
            {
                "name": "pypi",
                "url": "https://pypi.org/simple",
                "verify_ssl": true
            }
        ]
    },
    "default": {
        "certifi": {
            "hashes": [
                "sha256:62f22742b58a1a33014a2b6b706588a8d7e2a88ae7bd1a6ebe8c992928483775",
                "sha256:741e2c3b351ddf169a738da9f2c048608ff7f2c5cc02f1ebc6b118bb090d5d55"
            ],
            "markers": "python_version >= '3.7'",
            "version": "==2026.7.22"
        },
        "charset-normalizer": {
            "hashes": [
                "sha256:00668ebb0609751758682eb0b5857e7c35b9f00e84dfdef062e103244ec94d45",
                "sha256:012a22b88a77ca2e59b98ac5889b0deb604147666032f45e6d6e217634d2550d",
                "sha256:01e93745f7f219b703b60ba7afead36cfc4242782be5af484673fc500df12da5",
                "sha256:04368edf83514385ffc3e1cfd4546e595f4f1272dd23ba437a93a9cc3741d47b",
                "sha256:0722590aabf9dc6a6c0343d523c05458fa2b5047dbe6302fd526bb570600753f",
                "sha256:07ffd07412fc5d5e84cd8952acf9ff7e4ed7a708e69d1bada19d8ba91711353f",
                "sha256:09a7bba9f739468c8e78c36a75c33768e53cb1959fc638f510454c14683f00d5",
                "sha256:0b2b1b3fa5670c127b246df1d0c059defd41f689a868a3b9d79df9b1cac42d22",
                "sha256:0c6dfb5ca6723eeed15aa8e564a014d69fcb8812f94eef11fe3631e0508199f5",
                "sha256:0d929fc574b4d6fd9e7c0f5c2ede8716a41911923aa7fa5fce38e0818aa4a1ac",
                "sha256:13e3afe97712e8887cd516e960c63f0b93122971e5b5e4b2622fe7701771e838",
                "sha256:15f024313246a4ed976c60f440bb8d257815513a681d212ff74fd46f7d715a90",
                "sha256:195ce897c6153c0700078142cf8efe3e6454ca4cf4357499e4078dfd83396626",
                "sha256:19a3dd5aa73cef1c99687c4fc57db016a9c17104ae1185da88ba566a5d3bebe4",
                "sha256:1d1c7a53a6c2103925cdd6d7229f8c567379f211c869793df679f2e9f738c369",
                "sha256:1f5883d77fd409a261abb5dc8ccbe335720d798b1de4abb3b1d47ccbbc76b53b",
                "sha256:21b82d8082f6f5e7f456ef0bd16323d08de1266efbfeb476e64b2a91d1471a4e",
                "sha256:252d099029bcbea642f2a06c4ed5046bdf8b5a8150b64afa5e027e88b106e5ee",
                "sha256:256dd4d85d9e4dc595e2bc983c980e73f62ddeb3165c58b4c3dfe78c5c8548c1",
                "sha256:26422d45fd13551cf564c58932f7d72b4f58b93b0fcf18c35ba6be12b46bb102",
                "sha256:2679de311c7946dde5d3b6f44941844133ff5c7cb86099c0061ab1e8901c20a8",
                "sha256:29880d17a8eb0b5cfdfd8944b468322928059aa35f1f5fa8ff22b149ec0b42f8",
                "sha256:2bced4061f000f7187254a02ad3433ae17eaf991747ceea2f478422590a5bba9",
                "sha256:2e9cf9253119d8e5d111f05d71626786fd3d6193817316eab1ca088cdb8593cf",
                "sha256:2f06b7eae9dbe77fe1d644ca244dad508de8d302870a43f3c559b521270938a0",
                "sha256:2f293479cce755c75f1697e87c409b7ae4c555c7dfecb6e988ad13abba943031",
                "sha256:329fc3ccb63ad22d867d84c2adea759a64079a37ba4a343433b02c7a2816871e",
                "sha256:343fb4f2821043bd87095f7b08a1a181febc8e36ac64212143bbfd0a0e1bc235",
                "sha256:3588e376b3ea2eea84976f67273d679f229e24c66dce7b82ae45aef04ff6e072",
                "sha256:35aea775dc2bd5f54cd84a1cd2696cc3207c479cb9cf0bd346f0d343e4300ddb",
                "sha256:35fe081843b35aad20ffeccec3eeffbe637b15d14f3fb22cc1b59cd8ec17e93c",
                "sha256:36047af20e17097c3bb9476c2b7655f2f7aa51322c0ba58c07695bedf755a950",
                "sha256:3617ac3cfd8b9888f145ad89dd6e692285834b0201c6074a5eeaad3fd4d668c2",
                "sha256:366ec70f5547c640d3ce1985722490f23faf4eb5216a7eeba78277490e78dacb",
                "sha256:394fea06235c8543390050ed5f529187074b029fb027213f6c46ac11ab5d950e",
                "sha256:3d27167433c0d5f18dc850f07d0b3816221984fecdc405d6c157a6f0b8f8e9e6",
                "sha256:3e5e1224c0a6a90e05843e07adfec669edebec17801c67072f51e59561d63c0b",
                "sha256:41876ee62a3dddf48ff1121ad8f0798032aa03f2fd35f21f34a4cab14f18d8d2",
                "sha256:433c5a81eade63b47e522303bad236f59dba55ea6951746f5558355eeed8c75d",
                "sha256:4582c27e8c889d64811987b5967fbd3ae0c823fe1fd933b543d55ac20bb475fa",
                "sha256:485a0d363cafefcd2538a73c7c838daa2035f09b2c9f9b5e3133f80c6aeb84c2",
                "sha256:494b70049a4d69aec6e8137c13af4cf8db8c9f9820a1392ac293b0dd2987a818",
                "sha256:496846868fea80e479324862fa877f02411f2fd0f83b79ccee2607aa68b2a032",
                "sha256:4abdc5f9ad448c1ecbfae2974b820535d6bc6e7eef63babbab3d81cf46968c71",
                "sha256:4b599739b93b2cbeded49645ae3c8d1405c29ddfbceac1545c87a3f9580a9e96",
                "sha256:4bea7f8ebe90bbd7f0e4a2de42ca6924ba23e3e76418c408ff82f1d46fabd687",
                "sha256:4c4fb141a727957c93edfe5c32a26ceb6b5f6461d67146e2d39f51e16170bea8",
                "sha256:4c9548dc78002099910abaebc0a72ac58b7d30931869e0351c09b507dff4ece3",
                "sha256:4d26f14f041e83dd8edfd61f4cd4fa7285d31798b5bf1f28e70c367ba6c41d61",
                "sha256:4f298bdadb8f0b9e5672877f647d1be9373ef5320c9e2f049795e26cad28b6a9",
                "sha256:52ec005752a56ae79547a05c0139ca2501a0c866390b6115008456b9f0e7cde1",
                "sha256:55261ac0d2941c42f196dd576f543d87a8ee03cd6f5e30dfb4d807b2e3b9121a",
                "sha256:56490c595a28b1bb27dfc583e816152a9767721ef58b2c03b13f954d2f707420",
                "sha256:58d3e12c88e0950bca850ae1f7c256055c097639c2edb9eb123af9807d8b15e4",
                "sha256:58d4aa13a59c969dbfdf9e6a9560e242cbfd9e8a8f50c2747714df1a423adf65",
                "sha256:59171c6e45bf07d0d5cab3b0bf81d945035530f6873398b3b531c31184d46663",
                "sha256:5b6d1386bf0096d26d3a863dc0a487a5b4eb9aa93cf5ba69683d29dde6b9d60f",
                "sha256:5c0ea61a470e070686aa30892fed79e297d2c8d0ab46b8bcdf027d38c51da591",
                "sha256:5c84bec0ab5ae0c64bfe73a7d2adcb5ce73b467523fc27fd6a28ab2aa6cbe35a",
                "sha256:5ca0555312ae2fe82715cada7fac375530c2f3349e1eaa1bcb33d0283ac79a18",
                "sha256:5d8531a6569d025f68e2321e7638fb7978f23db58e5f69f56913837aae03816e",
                "sha256:5e2d0e146dcb57034f8b97dc58d2d512cb90aba253960ce449f695fec6a82c6f",
                "sha256:5fc45d653ea8c9a20479167e11d4a0f8cb2fa3470737ab6f9c827532313187b7",
                "sha256:6117b84ea48435e5356dc737f5121485c30920ba43375fa7b434fd753df0eac3",
                "sha256:6199d5606e2bbf2b096cf64d03f8b6790c91081d5ac866b8e7bb6422738cc60c",
                "sha256:62b55f6722735a6c472f88361cde6640608773d9443cebdbb51abf436a1fcdd3",
                "sha256:687c9ca3035544b113bea2055e180af96fb63c0c476e22a9180f51925186e7b7",
                "sha256:6b7430cf5728e68f6c462254009a6ef4086e1bea43cf2f57aa9c55fb4f50ff96",
                "sha256:6ba32c4d2abf1d2fe7cf27d280f4cca5664233b0f885549c7761719eb977f486",
                "sha256:6c9cdde8becb25a7fde49924511aa2644d6f8081cc8df8e9452724303348d8e3",
                "sha256:6df0ec430f9a831772c23ca5a224cba36517a58a84bb32c32bb59a9fa67c47f6",
                "sha256:6e2912d4babbc65196ac13c2f53468dc57fb8b9c25ef913e8c59ddf7c6dc0e1b",
                "sha256:6e5e4d73d588ca5ed09df1b7dcd1b203d1df3c542e3f50d126c947d432b10731",
                "sha256:70055ff39b97c99e7ae40ea3e393fb62aa2e44dbd9b29f8d14f42fb0025c3959",
                "sha256:706bfd38730a5ac7a365793269a00f4e988178cec121391f4248d84ad8c972e9",
                "sha256:7235dc28fc6dd9d832ac7c7bce95367dedb85929f17368a0c2bee1e080b9acbf",
                "sha256:774d157f112367ff4abd29019f38f023c24e00e56edc7829c20e358a5a913ad8",
                "sha256:77efcff2b23071c349402ac1066667a3d011f62398d81408c9b88ad991747c9e",
                "sha256:789b8982559ae28dad2356519f841655756cdcd96616410590ae0b17454ee64f",
                "sha256:7ac76cf9afd34929d76eb7fcb63be476a4853d8a96f0dcf2d0db68a0cbdf9885",
                "sha256:7c0c10730342b0c9b35dd1d619beb8214e520bd96a1f870f452680b238aab3e0",
                "sha256:823f82903d189af463d7df250ef1f7f696f3cee08cc8d91deb565e8d425f6506",
                "sha256:838648accb3a7fd9803fd45c87bce8509648eb0c11bc34e216141300977244f2",
                "sha256:854066be00447fa8de2ccbbe893e2ffc4b123ef16d897af794c1e18bd4a714b0",
                "sha256:85d5855daafc240cc045c026d7a15fd198a09b0fc8ff6f5ecbb5297b509cb11e",
                "sha256:85de3134b5379856e323ba37c19c9256d39425f7b76a63af52b09fb4664c2e8f",
                "sha256:87e4f41d375c0b9be2fb5251aee4b8a689169e134535aed81bf085c3b647451e",
                "sha256:88ca277405c2d3b71c4e1c2ee0e7966e807bcba86a69d11e19ba199d18ae4491",
                "sha256:88e85ab89cb822c1e635f51d6d32e488f94e002e70e2f492bdb8b945543f345a",
                "sha256:8ac8c94b6539074e0f40899301273ac8402b9b3e01c7b7ba269ff30340aaaf20",
                "sha256:8fe532b3c966d1fb794e0698e4589d0444017ae77fc0b31edea13c0e35bcc449",
                "sha256:9085f87b0e38a2b92b8923059b4e8789fe40d9279712d15dcc670048d77079af",
                "sha256:90b7481fb62fbe172c558bc6fd1c4c98d82004a54a7551f20e11ac9bf0b8708c",
                "sha256:92caef967d287a407085d61176fce4012b1dd62daed4eb6d5ceb26d3d2538712",
                "sha256:9362dd90aa7dab48c0054a21187791ccf05473f7dba5d92b8033ae62164675e7",
                "sha256:94d78ecec2605a8d0398b0f365d5f12a63248438516f5dac536a5eff7337df4a",
                "sha256:94fbf1c0c6cc0d3d5e50f9a9313a8cdca90dd696d34b381cd1704f8c9e939f20",
                "sha256:950f23cb393f85543777b0433f082cddd25b51ab398eac7971146495679efe5f",
                "sha256:96eefc178f8636b9c760c5829345307fd81cfae9ab1e80997dbddeb0f54ee9a3",
                "sha256:96fef3e886d6a9874b14f27fc193fbdc69d5d8035783d86aa4e1cea594e695f9",
                "sha256:977cdbd483a9cff38179bea4fd754289a6f2195c7abd414aba85410b3e66cc5e",
                "sha256:978eab16f55b4ab2c2a745be9a0a840bf8f09a7f227d9c76eb30214d078865a5",
                "sha256:994e883d17c559cdfd38c84003c8b27d25424a1077272a17e7cd27bfe0bf57b2",
                "sha256:9ac4444d8d4fd4c4bd08bf451ed3167aa9e7ec6cdb41b648794f1d1103652e36",
                "sha256:9b5db6052055d34d41230fb78d7c439c23dc536a9896f6cb039e8dd92cfc1263",
                "sha256:9d9a0dc7cbe9bec24c3f767c9122c41fe5a1bc43f47cd099d00d393e09769de4",
                "sha256:9dbdd9205662134957cf0c324f639bdc5031c0ca056e2369e238db75187c0f11",
                "sha256:9eea3ab2597a5e65fe65296e2d6a84570845a6b55532d90333d740d48bbc850a",
                "sha256:a2028475ba855475b8b4d3cfeb4994269c967aea8b9892dfba907f4263a863a3",
                "sha256:a3a370082ce34d0612f421e15fe011c53bb1feff21a26d06ad4fb244dab5a375",
                "sha256:a545775cfe815855ea32d7c27731d79da358ef2055b4a25830231b1622dd18aa",
                "sha256:a5cbd90ecf0fc62e64726917ad083b73001f0563657a87ec3c0b504e277dc90d",
                "sha256:a6d095662e73e74f0a49988e0593373e243e3a52e27bfeea0a859e88acf4a0f5",
                "sha256:a6dac12ff6b846103483683f60c5f8fee205121adc58ffd87e90a90a3af69e99",
                "sha256:a951ad59cad9145664a730d3036b40b844e74d2d3683da40111463cd3a83845d",
                "sha256:aa1099b956fb795e686d073568f6dc002a0bb89765ea6d5b055dd7d9bf1b116c",
                "sha256:aa2bb0b37202dca27175591f761108b5d34096ade1191ffe4808bdf6b1571488",
                "sha256:aae2ee51122d3ae968a3837d97dc24a0aeebb0dea23694422cd172bd30017cd6",
                "sha256:ab743e9bc90c1f73552ec33e10e3331315acd2c397b36065b591b0181de533cc",
                "sha256:ac00177c4831ffa650f8609e4bdddd5fe09c03b1c0c47acece7e6ea20421598b",
                "sha256:ac13b004224fb341e1e25a1ed5e19d32f57cdb2a403e01f003b46f051a550f6f",
                "sha256:acaf604462bf330b0d07e7a07c1d6e4adac79e5fb13e9c5140590542cafacc00",
                "sha256:ae31a1a1db2ee6cc2942fccaf695c934bc7f3db9f2133a3fef1f367cf1a4ab10",
                "sha256:ae4a097991662cd4fff0ddc74e0fe7874f82e00042fa0ea00855645ed0c79598",
                "sha256:aea996a6aba25260827c9ea511d1addfde2da9eb686ac961838509086188b7e6",
                "sha256:b39b69b347e5e47a3b5b8cfc005c68c1ba347474e3960236c4944a8ecd174962",
                "sha256:b54e7e13267d49ffbfe68e25b3cbd774dab38fa37238f71265e91b36146eb21c",
                "sha256:b9af956078716df40d985fb0dfeb2c2120c5ca92ba4ff4b388acfd01cdc14d08",
                "sha256:ba2f37ee79e6338845261a3c5b1784e5d1acdff2c0785b284f1b633033d136ab",
                "sha256:ba501e667c17d8411f98e67a022d9604ef179aff0e459b7e292c796837c13573",
                "sha256:baf3775a2635e5a11fbd5e4e64ee69c7e86875d224a5c72aca4c141064589a90",
                "sha256:bb57753e36e4855b8ca375069482250a6246372331a3e4f3407eaebb007443f5",
                "sha256:bd6c173f04743d483881bffa1478d5a4624475b8cd1d2194956a75548e191c18",
                "sha256:be47f99644b208bff7766314013f9acf57b056b04191d570d68ad14022cf5b1d",
                "sha256:c010f5581d9c612804cc59fcf7b524b707fbcb72828551237ab545bb5c7034af",
                "sha256:c1dcc36dcb96abc02236e182d17e0f71430152a6c2c7447421da2d2dc144edea",
                "sha256:c428c6c31eb5f4277d7f8eccaf767fbd548ddd5ce3c8b4f4cbbfab3d96b5904c",
                "sha256:c658c50ac0c98cd755a2dd50b7977d3bca7df401dcc47fbdfa87db53ef7d4e8b",
                "sha256:c71fb0d56c920c269cd3e2e3fe7c610e3f1fdb21a6ce60efa6430ff63676cea6",
                "sha256:c7b742bf31c88566b4bb6335a7f393bb322e580b6bb98df7bd0c25e6e3519ce8",
                "sha256:cc0329df4caaceb950d2f580b5ac716a377f7059624a0bafaeaf8a218c6ed774",
                "sha256:cc5d36d96478aa9c60654bd932525bf32964c62a7281eafdf16d85003a8d6004",
                "sha256:ce854f5f478050ade5a238731c4ca985a7d3b3cb53ff600a9b5c3b689b5f0a7a",
                "sha256:ced3fdd71aaa83ce593746c2edb42b7a59cb4c19c8b5c407781c72e493aae55a",
                "sha256:cee5dd7c6fb5dd52a0fe2a740f9bc6e3593f5f8b1788bde49de02086f30182b2",
                "sha256:cfa1c0cc3a8f9f53f1243a5a99ac36fd003880199383b37672e86ddda9cb07e2",
                "sha256:d1ee1e296209fdce05b81b663250eefa02213a2da7b41bf26f7829b8ba3545aa",
                "sha256:d59b75732e9b6f27388e10c14b0259cc5f2e48c78627d185e6a177b58ad3cffe",
                "sha256:d63600d620ad0064c3a748b950ac5ea38a80190e5498532efefa4b7b3f1da1f3",
                "sha256:dd732602a7009217f658d5863d12d79d373a4de0eebc111094bcdd3bb8e0a6cc",
                "sha256:e06efa066f7dbadbc84ebc126a97c452a6451dfcf589d89d788484949e1cf795",
                "sha256:e199fb99720074809a7720f1c0b4d919eea8b87e88713e0f8f602f7bef543d9d",
                "sha256:e4b018dc5a0eee4676e38fe84a47a427816c590b93b55d9025274ec4d6ffc2dc",
                "sha256:e6621fb2a4988d6e53eedc455e5903e2679f3967b8acb3d639f1b63c14a2e893",
                "sha256:e71c909f353863b2b89c83de2ebed71ea6d0df8a6ef65a128193c5e650766bef",
                "sha256:e90251c0c7bdd54a100a0dce3c07b7e637278c93af29dbf78ebb89a58c4bac7d",
                "sha256:e9fbdce1e47394b09bc9f26ab117dfc8d6491977a11d86f592bb42c779db2fda",
                "sha256:eb12fb2ba69ffa05f8695f61c69e591dc4b4a12ac3757ac8af8adb259bf56d17",
                "sha256:eda059b6bc8bc0812d626fd91a7ce01bf583df0a61296eff390fd94141a34e30",
                "sha256:f03ac127268b43ef4fe9e6ab6794a6794b49485a0cc0c1db79876d2f33f75bc7",
                "sha256:f298e218441525d3794428b4c8b8fb8662c6d3ea79925d4807ee6b9a96a3bca5",
                "sha256:f5542f9b941279d82d41eb0aa9f98eba36fe4df5c7086c651df7944935b37182",
                "sha256:f6f7deae3feb4edfa2efaf7c574fe88cbf055038a6abdb40188e4fff66d5699f",
                "sha256:f9b1e28d0e8dbfa858abdba91d6b547beaf2df1a59bec6da6faae7b96a4991a9",
                "sha256:f9f8405c2c758532c74fed975dbee57be1f31a6e865c031870c79a6ed3212ada",
                "sha256:fa48b1b63d639f9483e0633e092f5851e2348c352f1f9bb6c8182f87884ef876",
                "sha256:fb78f6e7fcd8ad785d28cd577168bc1aaee827b25bb8755638f694794ea98f0a",
                "sha256:fbc597639158fd7c14d55e808718848319540f51b0e6746e3eefa59723a4a348",
                "sha256:fce8cbd4997efeb450bd298b54f755dcdff18d496f7a5ddbb4867c6d7c88fdc3",
                "sha256:fd0350afdc3aabd5576f60ea109228bd5538139713c7b094c5cd27c73a98bc6f",
                "sha256:fd0a274c0e5f9a21565cd9d3dd749b61f96b7aa1e20a93aa1ba4029518f2e5c0",
                "sha256:fdb8a068947befafba9952162645dc2fecaeb400e64584829ed5e9b2fbe21a7f"
            ],
            "markers": "python_version >= '3.7'",
            "version": "==3.5.1"
        },
        "grafana-client": {
            "hashes": [
                "sha256:2477a47b923fd0637947e620b0b777c641af18a3025464fa4505783dbf05dfcc",
                "sha256:8cb61bb2a87ec07bca10974df276b9a1a95bfdb63f3a696f065692ffc9b8c389"
            ],
            "index": "pypi",
            "markers": "python_version >= '3.7'",
            "version": "==4.3.2"
        },
        "h11": {
            "hashes": [
                "sha256:4e35b956cf45792e4caa5885e69fba00bdbc6ffafbfa020300e549b208ee5ff1",
                "sha256:63cf8bbe7522de3bf65932fda1d9c2772064ffb3dae62d55932da54b31cb6c86"
            ],
            "markers": "python_version >= '3.8'",
            "version": "==0.16.0"
        },
        "idna": {
            "hashes": [
                "sha256:5e0811a4383b21dc5838069f801c4fb62113b7447663d2530d2bd6e77b49bf15",
                "sha256:815e7be7a7806d54abb586dc943addc79e8b2ee16915059658cbeff4b1b43bf4"
            ],
            "markers": "python_version >= '3.9'",
            "version": "==3.19"
        },
        "jh2": {
            "hashes": [
                "sha256:018ae3da9b5bf3b7ff03e358b283a855f4b0db29fb8391168dfcea7981a6ff43",
                "sha256:020cfe22384e0f9f5c81da1b7175cf5a38b869d80c939029d1afa455dcd78578",
                "sha256:070895dfaeda94eccbdc45c7c97985d1c6ac339de7c4e329106b6f9450189bda",
                "sha256:0a225dad5ae1a4dc67b61d74c0db4f79162c381bcae9bca7d9bb3191cc62d001",
                "sha256:0baeac5f9b1efdd6c4b5f3df350983d45fdf3cad58c5af831eeb3ce962b9354e",
                "sha256:0c010bc802db97c9076a878a2e1166d8287e0c746c602e701343be74541c61d4",
                "sha256:0d2777e125fe623249ca52872e74023fed70b36b5fff2e6dc604a56220b785fe",
                "sha256:0e09fb3bb222ce3cce63bcfab99cb48cbfdc44f56e81369bb1f920ef02c1105f",
                "sha256:1008bd1c05b879e33a9450823a67066716dd430f96a872dc652266c2271d7615",
                "sha256:101708db41998159295c403f891dce9d8055a8dd98450c605e6eb7c34751543e",
                "sha256:117478e6049bd06809c7852e676d1755325123d8b96b5d3328e657331cea201e",
                "sha256:11e7f6974509249338b1af9d5ff765664289758a23ecea3eb5f9b3242057bcb8",
                "sha256:186a5e309e4b424faea32c107e0109c840abf99672af77fb74095d6d271a5d99",
                "sha256:1989bb317f1a6bdd356a0c4ce2f945aaa51f7a9765f6cc30553aa5a99868ee79",
                "sha256:1aabaaf5c02679e8b0e0581fb75160cdcc62b3fe6baed572e658399724f488cf",
                "sha256:1ad602174222115df011e6fb444e91fdd5744647eec63086ff802dc259401308",
                "sha256:1be60ef4907d89dcbda3a0080b8584b0d1f40ece0c96de31f48841567badfa23",
                "sha256:202e692eeb7ab66e88773103601fbc7c7c81dc05b4b377a9f4ba2b9b8cd8604a",
                "sha256:20517ff67db8ac5c3af0bafffe6a639721d8be32f7a9a7c2b25f0ad7f74d2c85",
                "sha256:20f9b15a367961dbbedeb0f40380668141d3543f427246456f337a6e9fbb5ab2",
                "sha256:2563b899194b5348ca822d6eca7adee3932f9d824adbd273642ede43199c8e41",
                "sha256:32862801e895349d976b8c7cad29fa8eb382d40b2328b14673eec91f15b757dc",
                "sha256:33511b3581468f94770e88e9df9ecdfcd2652a1fa84a73507ef7a3df75065c52",
                "sha256:348824676428d44d6ddceadb2c1d0885cc351ebe0378eadfa74e382c5359abbe",
                "sha256:3911079ed6e52b72e2fb1d4b9e6b50ff47ccd3d0e137cf5fbd22912995dfcf52",
                "sha256:391a5357ac82a27d72579ccb9bcb281fd58da0c76e702158416ecabaa65fc3e2",
                "sha256:3c6500d8427867b2bc5ec5f071eae34b38b85927847a76aa4f606db7f9d04307",
                "sha256:3e8ef31dd74782bbf2984a8e977f53291f05bfe4cdfaaf1335da049287ae4513",
                "sha256:3eaf5055f31b44e51a0147dc788ce1b20bc7750b04a193ef801a8c7709295304",
                "sha256:3f60ba14d122c0c72b0da283c69e1c0e717fe18c32b8fbd13202954d5d5c7f4b",
                "sha256:3fdda2942f6e2ae35f73f93a5944ba0132ea5bbcb4eed30dedd6477bd933f750",
                "sha256:4ae9bc90cd22bad0ee5d1ffca3178e10d304fdf857bf5f3865ece8ce9cd06102",
                "sha256:4df556fe49b596774af0f49f78eff1e143448f8367609d3e6d2a50533ada3855",
                "sha256:50ef70513db51c8a078e09b0bd824b0a9e3ffd92ee20122c4fa128d3a33b3625",
                "sha256:52d105593e3af3384119f398682ed29fcbf79c9e87d637f8f49baaeb10adc0d4",
                "sha256:5480d38a0eeb43f2bce716aaddee2b89fe30e24b9ac5b7ecfb8cbc7fb822c257",
                "sha256:56c3e595254d253657a640bb1f92711836676a654a64484f6b1f1112ec52e68a",
                "sha256:578cac03159c3432b58100a1da261ba8615f79748ad9d413a9bb940f2fb08978",
                "sha256:5806535240ac8574e169522fa9b7b517b39d6ddb557d1dc9dd0137f2002e2cb1",
                "sha256:59bd5907bdaceecf09663d5595f281aa0fcaca7814d85b147f3fc0e78e554bcd",
                "sha256:5cd6078e1c541b1375fe91a744e0946a61bed85a024d1bbc38db8b3a0e48c78c",
                "sha256:5d2aec84df8bda5848f7717bcba2c9b369b927169678816943f7dc9d9444c5c1",
                "sha256:5d647c461669e4b145e8685e35dac807a4bfae437f6dc35555edaf78809f2887",
                "sha256:6176d9142b67bea4043efc08db879526f81ee638494c86a10d182bbb731f6329",
                "sha256:61d292a0b1453e30f85b0ba4df4ba5f50a6a55391a047e5d211c70e17272e520",
                "sha256:63f434ff17d9df689f37536249263312e2dab24d5c243560ab530640e28167cf",
                "sha256:6583f6eb6c1959c60d8db7ae36f989fbb12cde3e83947feeb697fdef380e8d2d",
                "sha256:68a23b2b8c1750b8bd208d7e5be0fce20f96aca795f57c56e525a36470773625",
                "sha256:6abd4cde54388d2de244d028ed21b06d2ed5c17bfcc57857f5e4c46df1c2be65",
                "sha256:6cf4740f205fbf6e4799bdf407704cf8f505a2ba856271715538ac58f1e8e0d3",
                "sha256:6ec8c115a36a87c0e43ddb08aff6ced15511baa0b25f6a130a6f6342d34b2e16",
                "sha256:6f2302da1ec2505ef33b6bdc5409bb29948e963e540ea65d3123acfd038344ae",
                "sha256:78c607370e3407929089fb6558e0ab51c3ca033e48f6ae00f8a0c75ab42d77cb",
                "sha256:7c388d82fa4a8e208aab4eb3061cc71545d4076bf38f0ceb1648c14750a5d4a4",
                "sha256:7cfbad7863fcb8dc66dbc9da3e9ccfe11f8944d043618d486fdfd12b1ab54f6a",
                "sha256:7e6fc597f214e696707c5b32481cadc6daeb68408a30941f39296cedcf6b2130",
                "sha256:81a3eca3b04c5b5fc31dd3de61fd79da3c158a9798476df1e0069f2597f1c313",
                "sha256:81afb8b8bbb6edf57a1b5d3ebc7422489a4a93fb9e52cbc99b10be4dd7f8d35a",
                "sha256:8300b052f3be4ec9b3d4acc7422fb158bddd4eef78322578643549e04e83cca8",
                "sha256:846d24abf310f7ff3af9f2172ed8206f5c8cc872bf40ca71f98d999bcf3d0760",
                "sha256:85777543e8b12c738c2e8534acf96313a38fdaf90df0d955f9a72fffbd8135c6",
                "sha256:86c8ed0d5d13014199023f3cd723aa6a55ec3bab1e0c7ade7691a1fc38b0d4e2",
                "sha256:8a7b8e44e9ecb176c24b61563e1415af13d18fcd9fef1e916614c08025dffe58",
                "sha256:8b4d38bd4bfb3cd2fd0eec62e95e14efd3c97b50535216acbc30afea6b5963e1",
                "sha256:8cd18ae181fd44af5848e840715940732abb27f5f4631668ad556e654b809ecb",
                "sha256:8d1ce29fc178bb737342d8d62b4b051a3e1a69294b21812bbcd4b3f27341f11e",
                "sha256:9087585bd1f8c11fbade60164b9e79f42323784b22be245ceaeca758422e6bc5",
                "sha256:9db8b0241e5a71a7fc232021c106571f652b4f8081ad9c1785bf43fb8fabd3ab",
                "sha256:9e168d952ac659837c758e206efc7aef2a8b4eb57389691a2675f9059bdbb7d7",
                "sha256:9fc37f6fbeaba1fd5dd686594655448e2c98fbbb87b2a387faf5a331b2bc85b6",
                "sha256:a1ee369128cee3a78be7ade531e7229480c22b20b2371671cfe566f34b47e079",
                "sha256:a24b5093042d847e169afd0f3d0e84aa540a592d5c7ab304c2c61a2bef3793fb",
                "sha256:a65252c193cc6e24e0624490816d767a770ce9ea51fd11d4d2dc4d97e3c5b74c",
                "sha256:a6eeb6cff0f5fcd529d7e0afc75eb81ad5befd5b6b893c20f188fb7f467a0320",
                "sha256:a873cc69e7b50480892ec1f03a6ec5cfce6301b7d0797dc8299c241b03cd4303",
                "sha256:aadd4cf9ba7b3630442cf71ac33356eae03d8fecaa378248b6e42e7d03935aaf",
                "sha256:b1a9a639a9ed5840024d5dbcc47c80765ce8dc52f80819b5108f12d154331502",
                "sha256:b5c82c7045e83e89e4b59d2940c456365bd7ad7e49650ae5a977cacdd4a2354d",
                "sha256:bba9e1e3df7c48e1956396ae0b7635ecedd052b16af09361a5181a947466ae74",
                "sha256:bd40ac5fee6aa43ef58d6b53e05ad11910682ef1ec17de855e9c4bda57aa8f99",
                "sha256:bda792840b62a41bf24049849a38b9355096f1a03a82cc7bc5309e6e85789b1c",
                "sha256:bf3c5cd932f0511b953ffd8a8b6b068a31c0c44fb7f45f2075af4b1f8425ff64",
                "sha256:c0c2a4501c2a8ae3db2228c9138dc4a4b047750ffab018c29fbf58de59334bd8",
                "sha256:c116c59c284cefdeedb07ba277b43aa8e04670288be1e166bc53f3377d711872",
                "sha256:c32cc7136c54a63fc04abbdb656cd37dcd6b8462b946cd072ebdfbcf9350be45",
                "sha256:c41cfd834a360e3eb7b1e3d18b9d1debb16e001e08177d422f65293bd1e586aa",
                "sha256:c4205df59f7347eaf3e0f738b3361c2bbc853578dbca8686a3d0b300db3226bb",
                "sha256:c42259505d61c23e16a073dde440c28e3c6c83c36693df93f89f83dca70ab946",
                "sha256:c56fbee67163688fd19e16ae87aca59d5326a8a4ef732387978cbe186abc9a05",
                "sha256:c9a5bad97b875b766fcfe31a54c4b2b0fa14800cf60f18ff3441c0290fe43b6b",
                "sha256:c9f39c49b4b02b82202fe9b983f22f1f2aa685ae96ee5800a9b4cad511c07b68",
                "sha256:cc724f33886aea7b417c1c93fb374b2b0b702c7495093c92c0f76f0ccd663f9e",
                "sha256:ccbfa14b306d5c5a4a68f3fe9823d686e46406c7dba5babcccb198fd5ae53a11",
                "sha256:d5aa351f20716917e83a86338323c8c9914521f382ad6c1ef4dd462967538472",
                "sha256:d6ff642f46a46f7a10acc882cb53fab7a7354467b9a94cb9ce39d66424191687",
                "sha256:dedaf4cc07aee718c4380fcb0bea231f205be6db45a0855454b1d467a0c86837",
                "sha256:df51929e8c20c6d8265df2bf3483a9260ae97eb2046bf846c1c19c0f746381b7",
                "sha256:e07f6a1ffc20d9f1c5c057a49172b9278abbb6325a3e3bf4e65cef2a734595ae",
                "sha256:e5b621965d4b039de4010722687b59229a3c7e5f2e80a5f5e7a6c9639d4e2fe4",
                "sha256:e66f658ba30c40489f8f66553c860ded93bb9f3da6e3a86564f486e687f78449",
                "sha256:ec855aeedc249ad636baa14d63498ee4ab359c4f050de531486d7d96ca863169",
                "sha256:ee0a35e17032d11a1824b02a67bca7ad92945d4e2a43d9315812adee71184f1f",
                "sha256:f3e92cd9d01351d14b15c826120bfb41f5834bb0a8860cbaa1779f557d3e1288",
                "sha256:f4286b97aa4c40ff7cc364eb1f3fa77902e56bd319bb1c8f667845a53755c62a",
                "sha256:f711096eafc63cc5894fcafb9924127becba51876a038d42bdb642f8bed9f33e",
                "sha256:fddbfe1dd7c55160431975863b415b124ba408c20a8dab6ff3f2bf1eb18c3f8e"
            ],
            "markers": "python_version >= '3.7'",
            "version": "==5.0.14"
        },
        "markdown-it-py": {
            "hashes": [
                "sha256:04a21681d6fbb623de53f6f364d352309d4094dd4194040a10fd51833e418d49",
                "sha256:9f7ebbcd14fe59494226453aed97c1070d83f8d24b6fc3a3bcf9a38092641c4a"
            ],
            "markers": "python_version >= '3.10'",
            "version": "==4.2.0"
        },
        "mdurl": {
            "hashes": [
                "sha256:84008a41e51615a49fc9966191ff91509e3c40b939176e643fd50a5c2196b8f8",
                "sha256:bb413d29f5eea38f31dd4754dd7377d4465116fb207585f97bf925588687c1ba"
            ],
            "markers": "python_version >= '3.7'",
            "version": "==0.1.2"
        },
        "niquests": {
            "hashes": [
                "sha256:8ba6ee8712570ae41dfc59ac2ac7e509dcde660c6cc47078b43be423a2f99e64",
                "sha256:ac1ff8061cb480cdaad07f08b95cf21ee0a68ef21fbc2b6ddf5afff8e0d0072e"
            ],
            "markers": "python_version >= '3.7'",
            "version": "==3.21.1"
        },
        "pygments": {
            "hashes": [
                "sha256:2363c69b61c4a97c838da3b130dcd6468f4848992b21a82f2a63ec34377137d9",
                "sha256:610ca751c9bc2492b38eb9a38a7fbc93edbbb2d7182edaf34e66ae493dee5c8c"
            ],
            "markers": "python_version >= '3.9'",
            "version": "==2.21.0"
        },
        "pyyaml": {
            "hashes": [
                "sha256:00c4bdeba853cc34e7dd471f16b4114f4162dc03e6b7afcc2128711f0eca823c",
                "sha256:0150219816b6a1fa26fb4699fb7daa9caf09eb1999f3b70fb6e786805e80375a",
                "sha256:02893d100e99e03eda1c8fd5c441d8c60103fd175728e23e431db1b589cf5ab3",
                "sha256:02ea2dfa234451bbb8772601d7b8e426c2bfa197136796224e50e35a78777956",
                "sha256:0f29edc409a6392443abf94b9cf89ce99889a1dd5376d94316ae5145dfedd5d6",
                "sha256:10892704fc220243f5305762e276552a0395f7beb4dbf9b14ec8fd43b57f126c",
                "sha256:16249ee61e95f858e83976573de0f5b2893b3677ba71c9dd36b9cf8be9ac6d65",
                "sha256:1d37d57ad971609cf3c53ba6a7e365e40660e3be0e5175fa9f2365a379d6095a",
                "sha256:1ebe39cb5fc479422b83de611d14e2c0d3bb2a18bbcb01f229ab3cfbd8fee7a0",
                "sha256:214ed4befebe12df36bcc8bc2b64b396ca31be9304b8f59e25c11cf94a4c033b",
                "sha256:2283a07e2c21a2aa78d9c4442724ec1eb15f5e42a723b99cb3d822d48f5f7ad1",
                "sha256:22ba7cfcad58ef3ecddc7ed1db3409af68d023b7f940da23c6c2a1890976eda6",
                "sha256:27c0abcb4a5dac13684a37f76e701e054692a9b2d3064b70f5e4eb54810553d7",
                "sha256:28c8d926f98f432f88adc23edf2e6d4921ac26fb084b028c733d01868d19007e",
                "sha256:2e71d11abed7344e42a8849600193d15b6def118602c4c176f748e4583246007",
                "sha256:34d5fcd24b8445fadc33f9cf348c1047101756fd760b4dacb5c3e99755703310",
                "sha256:37503bfbfc9d2c40b344d06b2199cf0e96e97957ab1c1b546fd4f87e53e5d3e4",
                "sha256:3c5677e12444c15717b902a5798264fa7909e41153cdf9ef7ad571b704a63dd9",
                "sha256:3ff07ec89bae51176c0549bc4c63aa6202991da2d9a6129d7aef7f1407d3f295",
                "sha256:41715c910c881bc081f1e8872880d3c650acf13dfa8214bad49ed4cede7c34ea",
                "sha256:418cf3f2111bc80e0933b2cd8cd04f286338bb88bdc7bc8e6dd775ebde60b5e0",
                "sha256:44edc647873928551a01e7a563d7452ccdebee747728c1080d881d68af7b997e",
                "sha256:4a2e8cebe2ff6ab7d1050ecd59c25d4c8bd7e6f400f5f82b96557ac0abafd0ac",
                "sha256:4ad1906908f2f5ae4e5a8ddfce73c320c2a1429ec52eafd27138b7f1cbe341c9",
                "sha256:501a031947e3a9025ed4405a168e6ef5ae3126c59f90ce0cd6f2bfc477be31b7",
                "sha256:5190d403f121660ce8d1d2c1bb2ef1bd05b5f68533fc5c2ea899bd15f4399b35",
                "sha256:5498cd1645aa724a7c71c8f378eb29ebe23da2fc0d7a08071d89469bf1d2defb",
                "sha256:5cf4e27da7e3fbed4d6c3d8e797387aaad68102272f8f9752883bc32d61cb87b",
                "sha256:5e0b74767e5f8c593e8c9b5912019159ed0533c70051e9cce3e8b6aa699fcd69",
                "sha256:5ed875a24292240029e4483f9d4a4b8a1ae08843b9c54f43fcc11e404532a8a5",
                "sha256:5fcd34e47f6e0b794d17de1b4ff496c00986e1c83f7ab2fb8fcfe9616ff7477b",
                "sha256:5fdec68f91a0c6739b380c83b951e2c72ac0197ace422360e6d5a959d8d97b2c",
                "sha256:6344df0d5755a2c9a276d4473ae6b90647e216ab4757f8426893b5dd2ac3f369",
                "sha256:64386e5e707d03a7e172c0701abfb7e10f0fb753ee1d773128192742712a98fd",
                "sha256:652cb6edd41e718550aad172851962662ff2681490a8a711af6a4d288dd96824",
                "sha256:66291b10affd76d76f54fad28e22e51719ef9ba22b29e1d7d03d6777a9174198",
                "sha256:66e1674c3ef6f541c35191caae2d429b967b99e02040f5ba928632d9a7f0f065",
                "sha256:6adc77889b628398debc7b65c073bcb99c4a0237b248cacaf3fe8a557563ef6c",
                "sha256:79005a0d97d5ddabfeeea4cf676af11e647e41d81c9a7722a193022accdb6b7c",
                "sha256:7c6610def4f163542a622a73fb39f534f8c101d690126992300bf3207eab9764",
                "sha256:7f047e29dcae44602496db43be01ad42fc6f1cc0d8cd6c83d342306c32270196",
                "sha256:8098f252adfa6c80ab48096053f512f2321f0b998f98150cea9bd23d83e1467b",
                "sha256:850774a7879607d3a6f50d36d04f00ee69e7fc816450e5f7e58d7f17f1ae5c00",
                "sha256:8d1fab6bb153a416f9aeb4b8763bc0f22a5586065f86f7664fc23339fc1c1fac",
                "sha256:8da9669d359f02c0b91ccc01cac4a67f16afec0dac22c2ad09f46bee0697eba8",
                "sha256:8dc52c23056b9ddd46818a57b78404882310fb473d63f17b07d5c40421e47f8e",
                "sha256:9149cad251584d5fb4981be1ecde53a1ca46c891a79788c0df828d2f166bda28",
                "sha256:93dda82c9c22deb0a405ea4dc5f2d0cda384168e466364dec6255b293923b2f3",
                "sha256:96b533f0e99f6579b3d4d4995707cf36df9100d67e0c8303a0c55b27b5f99bc5",
                "sha256:9c57bb8c96f6d1808c030b1687b9b5fb476abaa47f0db9c0101f5e9f394e97f4",
                "sha256:9c7708761fccb9397fe64bbc0395abcae8c4bf7b0eac081e12b809bf47700d0b",
                "sha256:9f3bfb4965eb874431221a3ff3fdcddc7e74e3b07799e0e84ca4a0f867d449bf",
                "sha256:a33284e20b78bd4a18c8c2282d549d10bc8408a2a7ff57653c0cf0b9be0afce5",
                "sha256:a80cb027f6b349846a3bf6d73b5e95e782175e52f22108cfa17876aaeff93702",
                "sha256:b30236e45cf30d2b8e7b3e85881719e98507abed1011bf463a8fa23e9c3e98a8",
                "sha256:b3bc83488de33889877a0f2543ade9f70c67d66d9ebb4ac959502e12de895788",
                "sha256:b865addae83924361678b652338317d1bd7e79b1f4596f96b96c77a5a34b34da",
                "sha256:b8bb0864c5a28024fac8a632c443c87c5aa6f215c0b126c449ae1a150412f31d",
                "sha256:ba1cc08a7ccde2d2ec775841541641e4548226580ab850948cbfda66a1befcdc",
                "sha256:bdb2c67c6c1390b63c6ff89f210c8fd09d9a1217a465701eac7316313c915e4c",
                "sha256:c1ff362665ae507275af2853520967820d9124984e0f7466736aea23d8611fba",
                "sha256:c2514fceb77bc5e7a2f7adfaa1feb2fb311607c9cb518dbc378688ec73d8292f",
                "sha256:c3355370a2c156cffb25e876646f149d5d68f5e0a3ce86a5084dd0b64a994917",
                "sha256:c458b6d084f9b935061bc36216e8a69a7e293a2f1e68bf956dcd9e6cbcd143f5",
                "sha256:d0eae10f8159e8fdad514efdc92d74fd8d682c933a6dd088030f3834bc8e6b26",
                "sha256:d76623373421df22fb4cf8817020cbb7ef15c725b9d5e45f17e189bfc384190f",
                "sha256:ebc55a14a21cb14062aa4162f906cd962b28e2e9ea38f9b4391244cd8de4ae0b",
                "sha256:eda16858a3cab07b80edaf74336ece1f986ba330fdb8ee0d6c0d68fe82bc96be",
                "sha256:ee2922902c45ae8ccada2c5b501ab86c36525b883eff4255313a253a3160861c",
                "sha256:efd7b85f94a6f21e4932043973a7ba2613b059c4a000551892ac9f1d11f5baf3",
                "sha256:f7057c9a337546edc7973c0d3ba84ddcdf0daa14533c2065749c9075001090e6",
                "sha256:fa160448684b4e94d80416c0fa4aac48967a969efe22931448d853ada8baf926",
                "sha256:fc09d0aa354569bc501d4e787133afc08552722d3ab34836a80547331bb5d4a0"
            ],
            "index": "pypi",
            "markers": "python_version >= '3.8'",
            "version": "==6.0.3"
        },
        "qh3": {
            "hashes": [
                "sha256:0173e0b2572249288fa1c22ca699e2e5c3b74c602d080aa10d15a1a3d19c9314",
                "sha256:01d4faff90c845db217f6e72b9e2633ddcf3a81618be3d409728186d43d749a9",
                "sha256:037c9a67914689be3983b319aa387fb8905de0ce6e0cdf495a2430ae3a0548ab",
                "sha256:06b8ee7434cd0ecab6b916abc63a46f4ad8b3ebbc284da405aeb650882826e91",
                "sha256:08b477b5ede26852e3b001cab4cb6d940b0201999b8b84f4d17525873c90310a",
                "sha256:0b13789c68983a994e8c12e3ff0fbc02f07c0aaaeec5670b57802f5d3d555e81",
                "sha256:0bb0a8f54275e0ecb722c0a6cebeff73771b31da0dbfaed8e4b72efcbe98e2ab",
                "sha256:0c440b5777d07a7470652cbfb21514ce61e353c2341ac6ae6416ac429bb6f041",
                "sha256:192021606e283a59b47bf1e1cb719087c77869976aea76f26d589a1df8aa0dd5",
                "sha256:2070ca77cc97c5b35cfdbff31f36b20302adb9db4785d97482f65f67faea14a6",
                "sha256:20ceb5482ef6f352d9c7351fbde69f94f49d07f068ce9aa4e88ea76fca7eddda",
                "sha256:235161f4cbd791e18ea865d10fdd52d0ddbcbb807a1849c98360c4e570c06844",
                "sha256:23df4a94006ac908846f9eaa88cd0484f02c83d05414e408374167fa7c446bad",
                "sha256:2590ed08c85d457972d8e3b45d15b4cb19e8742dba900204606481adece62987",
                "sha256:2646d05d20e7171d928d9b478097743d0d2a5b3893f8caddd7984b2825d90daa",
                "sha256:29b6f656e19117f1c595ff9e61b9a5310c27017a9df7e3760f09b448daca4ecb",
                "sha256:2b213cd41e1bd00456950e643d47598b3cf89de452e63d11a4af3a7a99eb9c11",
                "sha256:2d4cdf6014db39187cd99e70f48b24ceea2098f24ed60b4cc54abe9267555656",
                "sha256:3257d24df5ae0f11bb8b3b1613d422b75bb0195544a796030a116f3bd583a75e",
                "sha256:37ad8d196704da7d4b09db1de6468738b5e851a285918213ef126076e5ffd910",
                "sha256:39cb289a80c46e2b52686d334a76efa7345183f2cec10d35faca767e82f4c33a",
                "sha256:3ab92fc9ae273f6837bd0166fabefbe8f00842983a5533213f09b77b41c957a2",
                "sha256:3bd14d520ab9f30d20869f113a9f79cb4b3563522534444974a349b3a19662bf",
                "sha256:3be9e2cfc447807c4195c12d9590052ee45cc17ed92d99f44d05a49d657bf8d4",
                "sha256:404b96d00ea603592ad534c5385835b2b4f652282087e96b3ffb38de668d83e9",
                "sha256:41fd3a89c2a3c032451b3e5c47c85f3d430c773a168e70aa0e61e2ab424df9f7",
                "sha256:422a198dad3994d1eb95da3be40e1bda232515ba924260b0546e03fc2b8a3c96",
                "sha256:44767b57daf36202b801588183298e2b1795dda8c6bd282e930681f43ee18e0b",
                "sha256:46bfecd7b0a476fb3d19c9356a506137a1a48dd9bb706d14bc6f029a4b08747a",
                "sha256:47c831b1ea4192ca371518bd4def5f84a6f96560afb1aeb3dd7b4e97146a502f",
                "sha256:49f41c3fd99ed3679a7c53098b2275fe9a7f859a786cb22d8e8d22334df2180b",
                "sha256:4a09e33277ded5f94f9b73b0c8c2f5b3e044f3c41ed5c830ab61e72962e22d09",
                "sha256:4dd96ce4ce4d03b96d004c60a895d7c228702acbca544d6bcfa8bc6cc2a061ca",
                "sha256:4f05f1b3ac250213db0da6895aeb944ca3cb63cd1a41296f1dddafd8d78a1722",
                "sha256:51480d90b4ac7e81248fd020a726d4089cf8b881a4b6cbdc3c04c329831a3fc6",
                "sha256:5302664cd51229530c28aca1027386822358d563884e55d7a48df75f9e4ec791",
                "sha256:546ab2d3193e37e98dfefe5834484e07d0bf531708f21e1a4e227a51510b648f",
                "sha256:57f43869ef306877167277c48c1fa7c446fc73fc9355fa1ccae5094507b63d9e",
                "sha256:5b1e8821570e06e51c66f7ad2b4ffd18bd7627dfcfcaefc00da438a3a1ae3d19",
                "sha256:5bcbdc6a574f83f957e6bf430cda8b98a512870164563b7ef1fdd553420f032a",
                "sha256:5d8158a8d114d2483c5d6c3ddc27f82ab449354caa59c1186decd1a1d9e29a8d",
                "sha256:5da3a004c4ead6f573fe620e1efe312221a699c5f6895bd1adfe108d4206d7ae",
                "sha256:5f8891d0d1e6ee46240a48408428b0c5b45dea681ebf1562ccb622b23bed47f4",
                "sha256:6196358eb3242e3b94788672773115d998ea6d982d465dd266c1041bbd20c282",
                "sha256:637cd6a82243d6885810562e21646557afde60a32ab36ba4a59976b9f29a4298",
                "sha256:63c4d82891c4171a562a00b74555a60e4780b47ce8fe999718f3196eabd8a8c6",
                "sha256:67da7b96ab7bee744b29c58406aa49af85a37212829defb34a196ffd953152e9",
                "sha256:699ce065c863adad3e4a5b37c2e21755cdc9a8ac9a890c1a3a6e20ec29700067",
                "sha256:6aee684d9e6d3ed46508ea450400afd3de747c302d6fc4888bd1660762f98d14",
                "sha256:736a3326687ec3e060b5a30a2428ebb6a0c32cced7a8a8ab4ccfc410df143259",
                "sha256:73845b61987f44c5d55f9606a38b4078cac7e816dadeeaceb35a49ff741d4c8e",
                "sha256:74814e3dd91011235905856701037ead68f7a8be641f469fa5e5cdabf7d03a28",
                "sha256:7654cbc897db54aabcac0c2a6dbc0befa12e9206c54a29b5f0b745a87357957a",
                "sha256:79e7d4ec387b96b5e57ff9ce7ce798fc4824dad039aff3bdbef68a453ea10704",
                "sha256:7abb8ae6c8ae6b49827b26eaffeac0892893450d2022818e1db3ff34d26a835e",
                "sha256:867b2c19b3e6b19a6d491613c55d5d97b1b7588c4c91644da2ab10b0c74fd442",
                "sha256:86ae310f3fac0bfac08321fea7f10c0df9843d8d90a0d403105504e9710b79da",
                "sha256:86f2256aa78604d6733ff12a225d6780df18a9b171e72d45dd30ee62d5ab0568",
                "sha256:89b4348f933ef94436e4329b03232c8af8401bf3042d1f9990c57a06f8136407",
                "sha256:8a270f90ae5c8c4b7d9ace30579383fe99a4a324c5631adfc62cbbf2618a4b6f",
                "sha256:8c9f6b22d073948b3042ec0b50dab5581865a30d41517ba6aad8dbc1a4b39a6b",
                "sha256:8d42ab010b4884b518988dbc45d2bb5381b96b43a76df51f0d9b8dc70185eeca",
                "sha256:8dbcb9fe3ac70f96f734625283f8476bcd73e21a2866fc433d698cc26484343e",
                "sha256:91569e8ee979c84a1972916cc9b3283760dda111fc8f67cce45ccdb4f14b67c5",
                "sha256:94ba6ddb786742ff93904db09cb4b6fbcaf7de115161c05918024cd52b2c8a61",
                "sha256:991ff127a8b0aef9ae07a4155f595158fd005d9cc522d204ec31a5a5f197517c",
                "sha256:9c4b0733fd61512936c9dea3c4d732ff706614164e6b91078d6afea0f966f3bb",
                "sha256:9ec544b7de01cf4cd45d9327487238c06b26684c816d3dd17f8ebab2f9d00e6f",
                "sha256:9f715dc644fdc65ad5dca33fbdbd725833d013cf2b35566952b79e11b5360e14",
                "sha256:a266a68f27a86d6d49978e1c6b8e9e5dd514e018a042dafca48cbeb50a29d0d3",
                "sha256:a5c9ba43b3f68f9ade9553ff23d89455596b9c5ba8179a103f75c8771d355535",
                "sha256:a75d54a0acd6839db86238b7c81ed6fb2417adf66ec0ca3073d2a1deda0c29ea",
                "sha256:a8f9b18bf8e8d2dc8bbdbc6572f0c31ff965cfcbb182ccf7b5aa568be1359ba4",
                "sha256:aa459eac301ed75864ada16ed719f80dc580ac01719fe8fb674340720b342035",
                "sha256:aeca0d40758a1e4c70000978acaac26c82286cbec6a13a532dcc67427ccccf1b",
                "sha256:b2649e6170391b3144691ac49426e2a4a7865542969e3d5c3516c9d49005f5b3",
                "sha256:b2cacb6120c94231ac6f122084db16b57a639392ac0e40f0a3b05568f7ec4bd9",
                "sha256:b33fcf93d3a7b54ecc718baf91a2caeebb68205877901bf6cb3f3bc451cb3775",
                "sha256:b496ff8b34ad92714fc3f289212558aeed3b1e265d7cada4b0da68ecdf409059",
                "sha256:b4b9d4da06a1e7d261790dede26e79315ddda7811333c95e8732b0595897ec68",
                "sha256:b573289e6071ee2df189d33594886085cb56b0ab0dd9efdb5aafdb0107ad7ca8",
                "sha256:b65dc1151782e8743c8b9214e9ea5471b8fc71b454080b34de57110928f956f3",
                "sha256:b94a63a6e8e99d07fd280fd2b298a9f6213d752b709d1045015fabd7773a92c6",
                "sha256:bb83310f908a9d00b781fe95f7acda51025d0cea3a985929e84b0d46333709a2",
                "sha256:bbd8796aa0535f9d04201dbbc65c2ab337037e32e22adcf8872f593e17eca11f",
                "sha256:c1ad5dd5fbc8d9624e5838cfdbd4d359d5d7d66d7562cb0556a5b6019b9d49c7",
                "sha256:c1d5dddbfdb93b15d1501238fca94aabe16363803f5c45aa7f238f8eda5f0d77",
                "sha256:c5af7078b3735b35cd7763d2c974f174c5aee624c9501fe9aa5679a1137ba90e",
                "sha256:cbeef6167ef625b296cb5cbc9e464db987a00760724d4334f6abd06f3f2ddd37",
                "sha256:ccac4672539eb2897c3beaa73b626460040adf94c30edbd420db3988bd08e0f1",
                "sha256:cdca1332556455d07b11b5f092fab2cb3e4087a3bfd205c8670ae27017eb1037",
                "sha256:ce818dbd3213b45e3d96944b86d487f1fd797f66c09d79f850d32f5278285347",
                "sha256:d26b35a766d499b79d9c5679bfe18511e8646a827dfd7645a0c02fcba4b13df2",
                "sha256:d438019644c48b2b6bf724220fd00b07bbb109fb352553c9661903f77681e450",
                "sha256:d85b7821b353d18603f523bcd74065019ff2c6ebbe8ba3614b2aecce3406f47f",
                "sha256:d8bddc8356c130a473fcc16a88a5fc970e094e74f3a1e200578cea298950ac2a",
                "sha256:d8e8f9de19613ea9375fb6602bc292eea1c6900b5d8829f187bdf0904c0693c6",
                "sha256:db98ea31b7486cac5dffc76c15b34c08208b219379aa9d274df21b1d47c7dbcb",
                "sha256:dc4f9e0482ba46ecb38166065fc75965422a13991a57124408d9cbfb10da7e87",
                "sha256:dfbc8197f237dd3208ff284968c0667de76d338b598d624fd779dfb4b15ae1cf",
                "sha256:e0e57b96af05653ddcc4797fe761918d5d0a25ed90a9176260333f48e7b88f72",
                "sha256:e466a285b8f598ea06a296910a817571f132bb3ff3f5a26cdc905ffe6d9d743c",
                "sha256:e94b2750b17a8f89f0fc52a66f401ea03ea6cba36fdea64a7068fa88f8b345d2",
                "sha256:e96296b00eb23ff828d7789070b3d22c7139efbc6bc62fed366c31bad622d174",
                "sha256:eb0333f67bee13a3b5f08e91ece87fd0f5e5448e955efb11d7bd2bfacf21bfb5",
                "sha256:ec715af40af199c92eedbd620bbff8ddc514e19f2bbd660e65953752c364105f",
                "sha256:efbcd87e7c45f51690f6e526ed4956c57e428eb4c5684878987d43ffa14a93b0",
                "sha256:efd49f13cb8b30515981b7781c97fd356a833ff159d68b5369f43a7de51d2183",
                "sha256:f06c8c027e91a320e46706311edd755b8f7fb01613861ddffe579d5ce74089a6",
                "sha256:f0fe5cd465b0d50a34cd27e2feec4c876255aeda25827723a2cf7194aa2e8253",
                "sha256:f25f896257782a0a62637c41a9fade90e3fec59ab6f844df63afbcbf17fd6b9d",
                "sha256:f33ca1ac278a8d8ff115bcde76fc4555fa1dbfa147e83dad2ebcba6bc663e6d5",
                "sha256:f42f81589a420cfa42ed10cd42664c69c53c4180fad51a718211ebedc8adaa67",
                "sha256:f8bbbc57b1cff5acebf736965c072f35023f4d0e5975b3d8cda7b7e07250af1b",
                "sha256:fb4cc7ad61a2949050c546bb1fc40e1d7e3d8e0fbcf014c117d20eb027e376a0",
                "sha256:ff7696d5c39fdd8e33f15d7bee23a6cf95a9a1306f40bcca13c3b8a1e687d8f7"
            ],
            "markers": "python_version >= '3.7'",
            "version": "==2.0.3"
        },
        "requests": {
            "hashes": [
                "sha256:3324635456fa185245e24865e810cecec7b4caf933d7eb133dcde67d48cee69b",
                "sha256:c7ebc5e8b0f21837386ad0e1c8fe8b829fa5f544d8df3b2253bff14ef29d7652"
            ],
            "index": "pypi",
            "markers": "python_version >= '3.10'",
            "version": "==2.33.0"
        },
        "rich": {
            "hashes": [
                "sha256:33bd4ef74232fb73fe9279a257718407f169c09b78a87ad3d296f548e27de0bb",
                "sha256:edd07a4824c6b40189fb7ac9bc4c52536e9780fbbfbddf6f1e2502c31b068c36"
            ],
            "index": "pypi",
            "markers": "python_full_version >= '3.9.0'",
            "version": "==15.0.0"
        },
        "tenacity": {
            "hashes": [
                "sha256:1169d376c297e7de388d18b4481760d478b0e99a777cad3a9c86e556f4b697cb",
                "sha256:f77bf36710d8b73a50b2dd155c97b870017ad21afe6ab300326b0371b3b05138"
            ],
            "index": "pypi",
            "markers": "python_version >= '3.9'",
            "version": "==9.1.2"
        },
        "urllib3": {
            "hashes": [
                "sha256:231e0ec3b63ceb14667c67be60f2f2c40a518cb38b03af60abc813da26505f4c",
                "sha256:9fb4c81ebbb1ce9531cce37674bbc6f1360472bc18ca9a553ede278ef7276897"
            ],
            "markers": "python_version >= '3.10'",
            "version": "==2.7.0"
        },
        "urllib3-future": {
            "hashes": [
                "sha256:6415493c7222a8fe353d27fa8921958c373401121dd58038dfd8e17301e004ae",
                "sha256:85081f32840cb4ed1b90c44e50f316b7dd6f47abe6dabbbd3f591921e9c724f2"
            ],
            "markers": "python_version >= '3.7'",
            "version": "==2.24.908"
        },
        "verlib2": {
            "hashes": [
                "sha256:a0a6af9838d8d26c18225a30c8d57fb70714462e3cd29f2451e7982d5a51e21e",
                "sha256:ddcc6f3a4f42019703ac5f6406faecefcd5f122e84a3d1a58190ddff23ec0426"
            ],
            "markers": "python_version >= '3.6'",
            "version": "==0.3.2"
        },
        "wassima": {
            "hashes": [
                "sha256:21bb77253bb8032c05393172c4d2df395f423b7e704538f3b2407f50c032034d",
                "sha256:26022272d4618aada0e26df2e79dbc0e034be8be9d6d5396512690ffc6a94e7b"
            ],
            "markers": "python_version >= '3.7'",
            "version": "==2.1.4"
        }
    },
    "develop": {}
}
