{
    "_meta": {
        "hash": {
            "sha256": "8d37692434b37388beb09bffe5913dee81d3f5d4102f7dbd67222f8bdead99c6"
        },
        "pipfile-spec": 6,
        "requires": {
            "python_version": "3"
        },
        "sources": [
            {
                "name": "pypi",
                "url": "https://pypi.org/simple",
                "verify_ssl": true
            }
        ]
    },
    "default": {
        "attrs": {
            "hashes": [
                "sha256:8f5c07333d543103541ba7be0e2ce16eeee8130cb0b3f9238ab904ce1e85baff",
                "sha256:ac96cd038792094f438ad1f6ff80837353805ac950cd2aa0e0625ef19850c308"
            ],
            "markers": "python_version >= '3.8'",
            "version": "==24.3.0"
        },
        "cattrs": {
            "hashes": [
                "sha256:67c7495b760168d931a10233f979b28dc04daf853b30752246f4f8471c6d68d0",
                "sha256:8028cfe1ff5382df59dd36474a86e02d817b06eaf8af84555441bac915d2ef85"
            ],
            "markers": "python_version >= '3.8'",
            "version": "==24.1.2"
        },
        "cdk8s": {
            "hashes": [
                "sha256:96a86b2432391ad2372016ea0758e4ac6a0ffea58e4a4c1d3e36f51550994d43",
                "sha256:b2538b86132894b44bb08ca238d35aa759428b9b00f813b73c448493c491d144"
            ],
            "index": "pypi",
            "markers": "python_version ~= '3.8'",
            "version": "==2.69.35"
        },
        "cdk8s-plus-28": {
            "hashes": [
                "sha256:458a430dc715d8f87c963685f3a609ad07896b2988a92f4e3bcbbef261273ea1",
                "sha256:4b6673742b9a360b5703acf260ee929a9fdebc6df45474e53cb22f1dd9cc0a79"
            ],
            "index": "pypi",
            "markers": "python_version ~= '3.8'",
            "version": "==2.5.6"
        },
        "constructs": {
            "hashes": [
                "sha256:1f0f59b004edebfde0f826340698b8c34611f57848139b7954904c61645f13c1",
                "sha256:ce54724360fffe10bab27d8a081844eb81f5ace7d7c62c84b719c49f164d5307"
            ],
            "index": "pypi",
            "markers": "python_version ~= '3.8'",
            "version": "==10.4.2"
        },
        "exceptiongroup": {
            "hashes": [
                "sha256:3111b9d131c238bec2f8f516e123e14ba243563fb135d3fe885990585aa7795b",
                "sha256:47c2edf7c6738fafb49fd34290706d1a1a2f4d1c6df275526b62cbb4aa5393cc"
            ],
            "markers": "python_version < '3.11'",
            "version": "==1.2.2"
        },
        "importlib-resources": {
            "hashes": [
                "sha256:185f87adef5bcc288449d98fb4fba07cea78bc036455dd44c5fc4a2fe78fed2c",
                "sha256:789cfdc3ed28c78b67a06acb8126751ced69a3d5f79c095a98298cd8a760ccec"
            ],
            "markers": "python_version >= '3.9'",
            "version": "==6.5.2"
        },
        "jsii": {
            "hashes": [
                "sha256:5a44d7c3a5a326fa3d9befdb3770b380057e0a61e3804e7c4907f70d76afaaa2",
                "sha256:c79c47899f53a7c3c4b20f80d3cd306628fe9ed1852eee970324c71eba1d974e"
            ],
            "markers": "python_version ~= '3.8'",
            "version": "==1.106.0"
        },
        "publication": {
            "hashes": [
                "sha256:0248885351febc11d8a1098d5c8e3ab2dabcf3e8c0c96db1e17ecd12b53afbe6",
                "sha256:68416a0de76dddcdd2930d1c8ef853a743cc96c82416c4e4d3b5d901c6276dc4"
            ],
            "version": "==0.0.3"
        },
        "python-dateutil": {
            "hashes": [
                "sha256:37dd54208da7e1cd875388217d5e00ebd4179249f90fb72437e91a35459a0ad3",
                "sha256:a8b2bc7bffae282281c8140a97d3aa9c14da0b136dfe83f850eea9a5f7470427"
            ],
            "markers": "python_version >= '2.7' and python_version not in '3.0, 3.1, 3.2, 3.3'",
            "version": "==2.9.0.post0"
        },
        "six": {
            "hashes": [
                "sha256:4721f391ed90541fddacab5acf947aa0d3dc7d27b2e1e8eda2be8970586c3274",
                "sha256:ff70335d468e7eb6ec65b95b99d3a2836546063f63acc5171de367e834932a81"
            ],
            "markers": "python_version >= '2.7' and python_version not in '3.0, 3.1, 3.2, 3.3'",
            "version": "==1.17.0"
        },
        "typeguard": {
            "hashes": [
                "sha256:00edaa8da3a133674796cf5ea87d9f4b4c367d77476e185e80251cc13dfbb8c4",
                "sha256:5e3e3be01e887e7eafae5af63d1f36c849aaa94e3a0112097312aabfa16284f1"
            ],
            "markers": "python_full_version >= '3.5.3'",
            "version": "==2.13.3"
        },
        "typing-extensions": {
            "hashes": [
                "sha256:04e5ca0351e0f3f85c6853954072df659d0d13fac324d0072316b67d7794700d",
                "sha256:1a7ead55c7e559dd4dee8856e3a88b41225abfe1ce8df57b7c13915fe121ffb8"
            ],
            "markers": "python_version >= '3.8'",
            "version": "==4.12.2"
        },
        "zipp": {
            "hashes": [
                "sha256:2c9958f6430a2040341a52eb608ed6dd93ef4392e02ffe219417c1b28b5dd1f4",
                "sha256:ac1bbe05fd2991f160ebce24ffbac5f6d11d83dc90891255885223d42b3cd931"
            ],
            "markers": "python_version < '3.10'",
            "version": "==3.21.0"
        }
    },
    "develop": {}
}
