# This file is automatically @generated by Poetry 2.3.2 and should not be changed by hand.

[[package]]
name = "attrs"
version = "25.4.0"
description = "Classes Without Boilerplate"
optional = false
python-versions = ">=3.9"
groups = ["main"]
files = [
    {file = "attrs-25.4.0-py3-none-any.whl", hash = "sha256:adcf7e2a1fb3b36ac48d97835bb6d8ade15b8dcce26aba8bf1d14847b57a3373"},
    {file = "attrs-25.4.0.tar.gz", hash = "sha256:16d5969b87f0859ef33a48b35d55ac1be6e42ae49d5e853b597db70c35c57e11"},
]

[[package]]
name = "cattrs"
version = "25.3.0"
description = "Composable complex class support for attrs and dataclasses."
optional = false
python-versions = ">=3.9"
groups = ["main"]
files = [
    {file = "cattrs-25.3.0-py3-none-any.whl", hash = "sha256:9896e84e0a5bf723bc7b4b68f4481785367ce07a8a02e7e9ee6eb2819bc306ff"},
    {file = "cattrs-25.3.0.tar.gz", hash = "sha256:1ac88d9e5eda10436c4517e390a4142d88638fe682c436c93db7ce4a277b884a"},
]

[package.dependencies]
attrs = ">=25.4.0"
exceptiongroup = {version = ">=1.1.1", markers = "python_version < \"3.11\""}
typing-extensions = ">=4.14.0"

[package.extras]
bson = ["pymongo (>=4.4.0)"]
cbor2 = ["cbor2 (>=5.4.6)"]
msgpack = ["msgpack (>=1.0.5)"]
msgspec = ["msgspec (>=0.19.0) ; implementation_name == \"cpython\""]
orjson = ["orjson (>=3.11.3) ; implementation_name == \"cpython\""]
pyyaml = ["pyyaml (>=6.0)"]
tomlkit = ["tomlkit (>=0.11.8)"]
ujson = ["ujson (>=5.10.0)"]

[[package]]
name = "cdk8s"
version = "2.69.77"
description = "This is the core library of Cloud Development Kit (CDK) for Kubernetes (cdk8s). cdk8s apps synthesize into standard Kubernetes manifests which can be applied to any Kubernetes cluster."
optional = false
python-versions = "~=3.9"
groups = ["main"]
files = [
    {file = "cdk8s-2.69.77-py3-none-any.whl", hash = "sha256:df47e7af5a111ce94ecaa1d4019910a08a2b6ff5914600c6a24ef2fe875f56e2"},
    {file = "cdk8s-2.69.77.tar.gz", hash = "sha256:27bd84d9a3d09a581a2c6df317284efb241bd7b96dc45c202e79ac2a6d0e3166"},
]

[package.dependencies]
constructs = ">=10.0.0,<11.0.0"
jsii = ">=1.112.0,<2.0.0"
publication = ">=0.0.3"
typeguard = ">=2.13.3,<4.3.0"

[[package]]
name = "cdk8s-plus-28"
version = "2.5.6"
description = "cdk8s+ is a software development framework that provides high level abstractions for authoring Kubernetes applications. cdk8s-plus-28 synthesizes Kubernetes manifests for Kubernetes 1.28.0"
optional = false
python-versions = "~=3.8"
groups = ["main"]
files = [
    {file = "cdk8s_plus_28-2.5.6-py3-none-any.whl", hash = "sha256:4b6673742b9a360b5703acf260ee929a9fdebc6df45474e53cb22f1dd9cc0a79"},
    {file = "cdk8s_plus_28-2.5.6.tar.gz", hash = "sha256:458a430dc715d8f87c963685f3a609ad07896b2988a92f4e3bcbbef261273ea1"},
]

[package.dependencies]
cdk8s = ">=2.68.11,<3.0.0"
constructs = ">=10.3.0,<11.0.0"
jsii = ">=1.103.1,<2.0.0"
publication = ">=0.0.3"
typeguard = ">=2.13.3,<5.0.0"

[[package]]
name = "constructs"
version = "10.4.5"
description = "A programming model for software-defined state"
optional = false
python-versions = "~=3.9"
groups = ["main"]
files = [
    {file = "constructs-10.4.5-py3-none-any.whl", hash = "sha256:e63d6675ba2e8a9076db8df1d4c7af78efdb96182ba28abe938384ba321e4b81"},
    {file = "constructs-10.4.5.tar.gz", hash = "sha256:efa0f9e4fe65bd334bad719d00e0c8d9e3e4c6d873da8e874e67517a029c190b"},
]

[package.dependencies]
jsii = ">=1.125.0,<2.0.0"
publication = ">=0.0.3"
typeguard = "2.13.3"

[[package]]
name = "exceptiongroup"
version = "1.3.1"
description = "Backport of PEP 654 (exception groups)"
optional = false
python-versions = ">=3.7"
groups = ["main"]
markers = "python_version == \"3.10\""
files = [
    {file = "exceptiongroup-1.3.1-py3-none-any.whl", hash = "sha256:a7a39a3bd276781e98394987d3a5701d0c4edffb633bb7a5144577f82c773598"},
    {file = "exceptiongroup-1.3.1.tar.gz", hash = "sha256:8b412432c6055b0b7d14c310000ae93352ed6754f70fa8f7c34141f91c4e3219"},
]

[package.dependencies]
typing-extensions = {version = ">=4.6.0", markers = "python_version < \"3.13\""}

[package.extras]
test = ["pytest (>=6)"]

[[package]]
name = "importlib-resources"
version = "6.5.2"
description = "Read resources from Python packages"
optional = false
python-versions = ">=3.9"
groups = ["main"]
files = [
    {file = "importlib_resources-6.5.2-py3-none-any.whl", hash = "sha256:789cfdc3ed28c78b67a06acb8126751ced69a3d5f79c095a98298cd8a760ccec"},
    {file = "importlib_resources-6.5.2.tar.gz", hash = "sha256:185f87adef5bcc288449d98fb4fba07cea78bc036455dd44c5fc4a2fe78fed2c"},
]

[package.extras]
check = ["pytest-checkdocs (>=2.4)", "pytest-ruff (>=0.2.1) ; sys_platform != \"cygwin\""]
cover = ["pytest-cov"]
doc = ["furo", "jaraco.packaging (>=9.3)", "jaraco.tidelift (>=1.4)", "rst.linker (>=1.9)", "sphinx (>=3.5)", "sphinx-lint"]
enabler = ["pytest-enabler (>=2.2)"]
test = ["jaraco.test (>=5.4)", "pytest (>=6,!=8.1.*)", "zipp (>=3.17)"]
type = ["pytest-mypy"]

[[package]]
name = "jsii"
version = "1.127.0"
description = "Python client for jsii runtime"
optional = false
python-versions = "~=3.9"
groups = ["main"]
files = [
    {file = "jsii-1.127.0-py3-none-any.whl", hash = "sha256:92a11f39e461f5168e2467efd53351cc32b118314b95cc6323c2d044eb299eaf"},
    {file = "jsii-1.127.0.tar.gz", hash = "sha256:631a13d73265eaa22c0c0804e77fe59c8fcc3af3a94de9923af65380b6ad267a"},
]

[package.dependencies]
attrs = ">=21.2,<26.0"
cattrs = ">=1.8,<25.4"
importlib_resources = ">=5.2.0"
publication = ">=0.0.3"
python-dateutil = "*"
typeguard = "2.13.3"
typing_extensions = ">=3.8,<5.0"

[[package]]
name = "publication"
version = "0.0.3"
description = "Publication helps you maintain public-api-friendly modules by preventing unintentional access to private implementation details via introspection."
optional = false
python-versions = "*"
groups = ["main"]
files = [
    {file = "publication-0.0.3-py2.py3-none-any.whl", hash = "sha256:0248885351febc11d8a1098d5c8e3ab2dabcf3e8c0c96db1e17ecd12b53afbe6"},
    {file = "publication-0.0.3.tar.gz", hash = "sha256:68416a0de76dddcdd2930d1c8ef853a743cc96c82416c4e4d3b5d901c6276dc4"},
]

[[package]]
name = "python-dateutil"
version = "2.9.0.post0"
description = "Extensions to the standard Python datetime module"
optional = false
python-versions = "!=3.0.*,!=3.1.*,!=3.2.*,>=2.7"
groups = ["main"]
files = [
    {file = "python-dateutil-2.9.0.post0.tar.gz", hash = "sha256:37dd54208da7e1cd875388217d5e00ebd4179249f90fb72437e91a35459a0ad3"},
    {file = "python_dateutil-2.9.0.post0-py2.py3-none-any.whl", hash = "sha256:a8b2bc7bffae282281c8140a97d3aa9c14da0b136dfe83f850eea9a5f7470427"},
]

[package.dependencies]
six = ">=1.5"

[[package]]
name = "six"
version = "1.17.0"
description = "Python 2 and 3 compatibility utilities"
optional = false
python-versions = "!=3.0.*,!=3.1.*,!=3.2.*,>=2.7"
groups = ["main"]
files = [
    {file = "six-1.17.0-py2.py3-none-any.whl", hash = "sha256:4721f391ed90541fddacab5acf947aa0d3dc7d27b2e1e8eda2be8970586c3274"},
    {file = "six-1.17.0.tar.gz", hash = "sha256:ff70335d468e7eb6ec65b95b99d3a2836546063f63acc5171de367e834932a81"},
]

[[package]]
name = "typeguard"
version = "2.13.3"
description = "Run-time type checker for Python"
optional = false
python-versions = ">=3.5.3"
groups = ["main"]
files = [
    {file = "typeguard-2.13.3-py3-none-any.whl", hash = "sha256:5e3e3be01e887e7eafae5af63d1f36c849aaa94e3a0112097312aabfa16284f1"},
    {file = "typeguard-2.13.3.tar.gz", hash = "sha256:00edaa8da3a133674796cf5ea87d9f4b4c367d77476e185e80251cc13dfbb8c4"},
]

[package.extras]
doc = ["sphinx-autodoc-typehints (>=1.2.0)", "sphinx-rtd-theme"]
test = ["mypy ; platform_python_implementation != \"PyPy\"", "pytest", "typing-extensions"]

[[package]]
name = "typing-extensions"
version = "4.15.0"
description = "Backported and Experimental Type Hints for Python 3.9+"
optional = false
python-versions = ">=3.9"
groups = ["main"]
files = [
    {file = "typing_extensions-4.15.0-py3-none-any.whl", hash = "sha256:f0fa19c6845758ab08074a0cfa8b7aecb71c999ca73d62883bc25cc018c4e548"},
    {file = "typing_extensions-4.15.0.tar.gz", hash = "sha256:0cea48d173cc12fa28ecabc3b837ea3cf6f38c6d1136f85cbaaf598984861466"},
]

[metadata]
lock-version = "2.1"
python-versions = "^3.10"
content-hash = "8e71955e6fe9dfe6287e23b4ded17a81cdfaec1fc72f0bab12e32d1c2d3decd5"
